<Solution>
  <Folder Name="/Core/">
    <Project Path="src/windows/Core/TradingTerminal.Core/TradingTerminal.Core.csproj" />
  </Folder>
  <Folder Name="/Sdk/">
    <Project Path="src/windows/Sdk/DaxAlgo.Sdk/DaxAlgo.Sdk.csproj" />
    <Project Path="src/windows/Sdk/DaxAlgo.Sdk.Analyzers/DaxAlgo.Sdk.Analyzers.csproj" />
    <Project Path="src/windows/Sdk/DaxAlgo.Sdk.Wpf/DaxAlgo.Sdk.Wpf.csproj" />
    <Project Path="src/windows/Sdk/DaxAlgo.Package/DaxAlgo.Package.csproj" />
  </Folder>
  <Folder Name="/Tests/">
    <Project Path="tests/DaxAlgo.Sdk.Analyzers.Tests/DaxAlgo.Sdk.Analyzers.Tests.csproj" />
    <Project Path="samples/DaxAlgo.Sandbox.Samples/DaxAlgo.Sandbox.Samples.Tests/DaxAlgo.Sandbox.Samples.Tests.csproj" />
    <Project Path="tests/TradingTerminal.Sandbox.Tests/TradingTerminal.Sandbox.Tests.csproj" />
    <Project Path="tests/TradingTerminal.UI.Tests/TradingTerminal.UI.Tests.csproj" />
    <Project Path="tests/TradingTerminal.MarketData.Tests/TradingTerminal.MarketData.Tests.csproj" />
    <Project Path="tests/TradingTerminal.Sandbox.Portfolio.Tests/TradingTerminal.Sandbox.Portfolio.Tests.csproj" />
    <Project Path="tests/TradingTerminal.Sandbox.Runtime.Tests/TradingTerminal.Sandbox.Runtime.Tests.csproj" />
    <Project Path="tests/TradingTerminal.Execution.Tests/TradingTerminal.Execution.Tests.csproj" />
    <Project Path="tests/TradingTerminal.ExecutionUi.Tests/TradingTerminal.ExecutionUi.Tests.csproj" />
    <Project Path="tests/TradingTerminal.Plugins.Tests/TradingTerminal.Plugins.Tests.csproj" />
    <Project Path="tests/TradingTerminal.Updates.Tests/TradingTerminal.Updates.Tests.csproj" />
    <Project Path="tests/DaxAlgo.Package.Tests/DaxAlgo.Package.Tests.csproj" />
  </Folder>
  <Folder Name="/Samples/">
    <Project Path="samples/DaxAlgo.Sandbox.Samples/DaxAlgo.Sandbox.Samples.csproj" />
  </Folder>
  <Folder Name="/Pipeline/">
    <Project Path="src/windows/Pipeline/TradingTerminal.Infrastructure/TradingTerminal.Infrastructure.csproj" />
    <Project Path="src/windows/Pipeline/TradingTerminal.MarketData/TradingTerminal.MarketData.csproj" />
    <Project Path="src/windows/Pipeline/TradingTerminal.Sandbox/TradingTerminal.Sandbox.csproj" />
  </Folder>
  <Folder Name="/Backtest/">
  </Folder>
  <Folder Name="/UI/">
    <Project Path="src/windows/UI/TradingTerminal.Settings/TradingTerminal.Settings.csproj" />
    <Project Path="src/windows/UI/TradingTerminal.StrategyComposer/TradingTerminal.StrategyComposer.csproj" />
    <Project Path="src/windows/UI/TradingTerminal.UI.Core/TradingTerminal.UI.Core.csproj" />
  </Folder>
  <Folder Name="/Charts/">
    <Project Path="src/windows/Charts/TradingTerminal.Charts/TradingTerminal.Charts.csproj" />
    <Project Path="src/windows/Charts/TradingTerminal.OrderBook/TradingTerminal.OrderBook.csproj" />
    <Project Path="src/windows/Charts/TradingTerminal.VolumeFootprint/TradingTerminal.VolumeFootprint.csproj" />
  </Folder>
  <Folder Name="/Execution/">
    <Project Path="src/windows/Execution/TradingTerminal.Execution/TradingTerminal.Execution.csproj" />
    <Project Path="src/windows/Execution/TradingTerminal.Execution.Service/TradingTerminal.Execution.Service.csproj" />
    <Project Path="src/windows/Execution/TradingTerminal.ExecutionUi/TradingTerminal.ExecutionUi.csproj" />
  </Folder>
  <Folder Name="/Shell/">
    <Project Path="src/windows/Shell/TradingTerminal.App.Basic/TradingTerminal.App.Basic.csproj" />
    <Project Path="src/windows/Shell/TradingTerminal.Login/TradingTerminal.Login.csproj" />
    <Project Path="src/windows/Shell/TradingTerminal.UI/TradingTerminal.UI.csproj" />
  </Folder>
  <Folder Name="/src/" />
  <Folder Name="/src/windows/" />
  <Folder Name="/src/windows/Core/" />
  <Folder Name="/src/windows/Tools/">
    <Project Path="src/windows/Tools/DaxAlgo.Codegen/DaxAlgo.Codegen.csproj" />
    <Project Path="src/windows/Tools/DaxAlgo.StrategyTool/DaxAlgo.StrategyTool.csproj" />
  </Folder>
  <Folder Name="/src/windows/Sandbox/">
    <Project Path="src/windows/Sandbox/TradingTerminal.Sandbox.Portfolio/TradingTerminal.Sandbox.Portfolio.csproj" />
    <Project Path="src/windows/Sandbox/TradingTerminal.Sandbox.Runtime/TradingTerminal.Sandbox.Runtime.csproj" />
  </Folder>
</Solution>
