
Microsoft Visual Studio Solution File, Format Version 12.00
# Visual Studio Version 17
VisualStudioVersion = 17.0.31903.59
MinimumVisualStudioVersion = 10.0.40219.1
Project("{2150E333-8FDC-42A3-9474-1A3956D46DE8}") = "tests", "tests", "{0AB3BF05-4346-4AA6-1389-037BE0695223}"
EndProject
Project("{FAE04EC0-301F-11D3-BF4B-00C04F79EFBC}") = "TradingTerminal.Tests", "tests\TradingTerminal.Tests\TradingTerminal.Tests.csproj", "{15438033-2B80-4BDE-8288-3E390410191C}"
EndProject
Project("{2150E333-8FDC-42A3-9474-1A3956D46DE8}") = "native", "native", "{CB000001-2B5E-4A9C-8E3B-7D2F6A9B5C90}"
EndProject
Project("{2150E333-8FDC-42A3-9474-1A3956D46DE8}") = "cpp-backtester", "cpp-backtester", "{CB000002-2B5E-4A9C-8E3B-7D2F6A9B5C91}"
	ProjectSection(SolutionItems) = preProject
		tools\cpp-backtester\.gitattributes = tools\cpp-backtester\.gitattributes
		tools\cpp-backtester\CMakeLists.txt = tools\cpp-backtester\CMakeLists.txt
		tools\cpp-backtester\LICENSE = tools\cpp-backtester\LICENSE
		tools\cpp-backtester\README.md = tools\cpp-backtester\README.md
	EndProjectSection
EndProject
Project("{2150E333-8FDC-42A3-9474-1A3956D46DE8}") = "app", "app", "{CB000003-2B5E-4A9C-8E3B-7D2F6A9B5C92}"
	ProjectSection(SolutionItems) = preProject
		tools\cpp-backtester\app\backtest_json.cpp = tools\cpp-backtester\app\backtest_json.cpp
		tools\cpp-backtester\app\backtest_runner.cpp = tools\cpp-backtester\app\backtest_runner.cpp
		tools\cpp-backtester\app\benchmark.cpp = tools\cpp-backtester\app\benchmark.cpp
		tools\cpp-backtester\app\data_fetcher.cpp = tools\cpp-backtester\app\data_fetcher.cpp
	EndProjectSection
EndProject
Project("{2150E333-8FDC-42A3-9474-1A3956D46DE8}") = "core", "core", "{CB000004-2B5E-4A9C-8E3B-7D2F6A9B5C93}"
	ProjectSection(SolutionItems) = preProject
		tools\cpp-backtester\core\event_engine.cpp = tools\cpp-backtester\core\event_engine.cpp
		tools\cpp-backtester\core\event_engine.h = tools\cpp-backtester\core\event_engine.h
		tools\cpp-backtester\core\market_data.cpp = tools\cpp-backtester\core\market_data.cpp
		tools\cpp-backtester\core\market_data.h = tools\cpp-backtester\core\market_data.h
		tools\cpp-backtester\core\order_manager.cpp = tools\cpp-backtester\core\order_manager.cpp
		tools\cpp-backtester\core\order_manager.h = tools\cpp-backtester\core\order_manager.h
		tools\cpp-backtester\core\portfolio.cpp = tools\cpp-backtester\core\portfolio.cpp
		tools\cpp-backtester\core\portfolio.h = tools\cpp-backtester\core\portfolio.h
	EndProjectSection
EndProject
Project("{2150E333-8FDC-42A3-9474-1A3956D46DE8}") = "data", "data", "{CB000005-2B5E-4A9C-8E3B-7D2F6A9B5C94}"
	ProjectSection(SolutionItems) = preProject
		tools\cpp-backtester\data\csv_loader.cpp = tools\cpp-backtester\data\csv_loader.cpp
		tools\cpp-backtester\data\csv_loader.h = tools\cpp-backtester\data\csv_loader.h
		tools\cpp-backtester\data\parquet_loader.cpp = tools\cpp-backtester\data\parquet_loader.cpp
		tools\cpp-backtester\data\parquet_loader.h = tools\cpp-backtester\data\parquet_loader.h
	EndProjectSection
EndProject
Project("{2150E333-8FDC-42A3-9474-1A3956D46DE8}") = "execution", "execution", "{CB000006-2B5E-4A9C-8E3B-7D2F6A9B5C95}"
	ProjectSection(SolutionItems) = preProject
		tools\cpp-backtester\execution\execution_simulator.cpp = tools\cpp-backtester\execution\execution_simulator.cpp
		tools\cpp-backtester\execution\execution_simulator.h = tools\cpp-backtester\execution\execution_simulator.h
	EndProjectSection
EndProject
Project("{2150E333-8FDC-42A3-9474-1A3956D46DE8}") = "include", "include", "{CB000007-2B5E-4A9C-8E3B-7D2F6A9B5C96}"
	ProjectSection(SolutionItems) = preProject
		tools\cpp-backtester\include\ring_buffer.h = tools\cpp-backtester\include\ring_buffer.h
		tools\cpp-backtester\include\types.h = tools\cpp-backtester\include\types.h
	EndProjectSection
EndProject
Project("{2150E333-8FDC-42A3-9474-1A3956D46DE8}") = "metrics", "metrics", "{CB000008-2B5E-4A9C-8E3B-7D2F6A9B5C97}"
	ProjectSection(SolutionItems) = preProject
		tools\cpp-backtester\metrics\performance_metrics.cpp = tools\cpp-backtester\metrics\performance_metrics.cpp
		tools\cpp-backtester\metrics\performance_metrics.h = tools\cpp-backtester\metrics\performance_metrics.h
	EndProjectSection
EndProject
Project("{2150E333-8FDC-42A3-9474-1A3956D46DE8}") = "strategy", "strategy", "{CB000009-2B5E-4A9C-8E3B-7D2F6A9B5C98}"
	ProjectSection(SolutionItems) = preProject
		tools\cpp-backtester\strategy\mean_reversion.cpp = tools\cpp-backtester\strategy\mean_reversion.cpp
		tools\cpp-backtester\strategy\mean_reversion.h = tools\cpp-backtester\strategy\mean_reversion.h
		tools\cpp-backtester\strategy\strategy.h = tools\cpp-backtester\strategy\strategy.h
	EndProjectSection
EndProject
Project("{2150E333-8FDC-42A3-9474-1A3956D46DE8}") = "tests", "tests", "{CB00000A-2B5E-4A9C-8E3B-7D2F6A9B5C99}"
	ProjectSection(SolutionItems) = preProject
		tools\cpp-backtester\tests\CMakeLists.txt = tools\cpp-backtester\tests\CMakeLists.txt
		tools\cpp-backtester\tests\test_event_engine.cpp = tools\cpp-backtester\tests\test_event_engine.cpp
		tools\cpp-backtester\tests\test_order_manager.cpp = tools\cpp-backtester\tests\test_order_manager.cpp
		tools\cpp-backtester\tests\test_portfolio.cpp = tools\cpp-backtester\tests\test_portfolio.cpp
		tools\cpp-backtester\tests\test_tick_buffer.cpp = tools\cpp-backtester\tests\test_tick_buffer.cpp
	EndProjectSection
EndProject
Project("{FAE04EC0-301F-11D3-BF4B-00C04F79EFBC}") = "TradingTerminal.Tests.Headless", "tests\TradingTerminal.Tests.Headless\TradingTerminal.Tests.Headless.csproj", "{294A0017-1773-4A91-8674-FE88A48FE6CF}"
EndProject
Project("{FAE04EC0-301F-11D3-BF4B-00C04F79EFBC}") = "TradingTerminal.App.Avalonia", "src\linux\Shell\TradingTerminal.App.Avalonia\TradingTerminal.App.Avalonia.csproj", "{66F3E99C-609F-4040-BB4F-61BD0CCDD6CE}"
EndProject
Project("{FAE04EC0-301F-11D3-BF4B-00C04F79EFBC}") = "TradingTerminal.AdvancedMarketRegime", "src\windows\Tools\TradingTerminal.AdvancedMarketRegime\TradingTerminal.AdvancedMarketRegime.csproj", "{73EAABFD-A243-4F67-9E05-5E4F4D07B61F}"
EndProject
Project("{FAE04EC0-301F-11D3-BF4B-00C04F79EFBC}") = "TradingTerminal.Ai.BacktestAnalysis", "src\windows\AI\TradingTerminal.Ai.BacktestAnalysis\TradingTerminal.Ai.BacktestAnalysis.csproj", "{C3F0BAF0-7585-4862-AD5A-811A83479739}"
EndProject
Project("{FAE04EC0-301F-11D3-BF4B-00C04F79EFBC}") = "TradingTerminal.Ai.FactorResearch", "src\windows\AI\TradingTerminal.Ai.FactorResearch\TradingTerminal.Ai.FactorResearch.csproj", "{F2C3AE50-23CC-44A5-A1C4-DD47064453D1}"
EndProject
Project("{FAE04EC0-301F-11D3-BF4B-00C04F79EFBC}") = "TradingTerminal.Ai.MarketAnalyst", "src\windows\AI\TradingTerminal.Ai.MarketAnalyst\TradingTerminal.Ai.MarketAnalyst.csproj", "{4A011B54-7C6E-44BC-8598-8A1C30683E57}"
EndProject
Project("{FAE04EC0-301F-11D3-BF4B-00C04F79EFBC}") = "TradingTerminal.Ai.MlFeatures", "src\windows\AI\TradingTerminal.Ai.MlFeatures\TradingTerminal.Ai.MlFeatures.csproj", "{18FCBEAF-535D-49E3-BA21-EFF0B999C3AD}"
EndProject
Project("{FAE04EC0-301F-11D3-BF4B-00C04F79EFBC}") = "TradingTerminal.Ai.PaperLab", "src\windows\AI\TradingTerminal.Ai.PaperLab\TradingTerminal.Ai.PaperLab.csproj", "{59E78CF3-B133-46D4-B796-2F66D245E8E5}"
EndProject
Project("{FAE04EC0-301F-11D3-BF4B-00C04F79EFBC}") = "TradingTerminal.Ai", "src\windows\AI\TradingTerminal.Ai\TradingTerminal.Ai.csproj", "{803A2C7F-2530-4C51-86C2-6076FB383131}"
EndProject
Project("{FAE04EC0-301F-11D3-BF4B-00C04F79EFBC}") = "TradingTerminal.App", "src\windows\Shell\TradingTerminal.App\TradingTerminal.App.csproj", "{8DF91C0B-D676-4D42-B94B-377DA85B2DD7}"
EndProject
Project("{FAE04EC0-301F-11D3-BF4B-00C04F79EFBC}") = "TradingTerminal.Backtest", "src\windows\Tools\TradingTerminal.Backtest\TradingTerminal.Backtest.csproj", "{20B7EE3F-2DE9-4996-A703-79AF29BFB392}"
EndProject
Project("{FAE04EC0-301F-11D3-BF4B-00C04F79EFBC}") = "TradingTerminal.BacktestStudio", "src\windows\Tools\TradingTerminal.BacktestStudio\TradingTerminal.BacktestStudio.csproj", "{E327125A-6500-49D3-BE99-00105C663F78}"
EndProject
Project("{FAE04EC0-301F-11D3-BF4B-00C04F79EFBC}") = "TradingTerminal.Charts", "src\windows\Charts\TradingTerminal.Charts\TradingTerminal.Charts.csproj", "{BC7B27CA-730E-4A4D-8A81-79007A6F2ECC}"
EndProject
Project("{FAE04EC0-301F-11D3-BF4B-00C04F79EFBC}") = "TradingTerminal.Correlation", "src\windows\Tools\TradingTerminal.Correlation\TradingTerminal.Correlation.csproj", "{D21D0A59-96E0-4F02-B9C1-798DBD30D198}"
EndProject
Project("{FAE04EC0-301F-11D3-BF4B-00C04F79EFBC}") = "TradingTerminal.Heatmap", "src\windows\Charts\TradingTerminal.Heatmap\TradingTerminal.Heatmap.csproj", "{E674236A-5BC6-43D8-AE0B-5A8A2DD256DE}"
EndProject
Project("{FAE04EC0-301F-11D3-BF4B-00C04F79EFBC}") = "TradingTerminal.Login", "src\windows\Shell\TradingTerminal.Login\TradingTerminal.Login.csproj", "{3150FC3A-6FD0-499D-BB8E-87B161492D23}"
EndProject
Project("{FAE04EC0-301F-11D3-BF4B-00C04F79EFBC}") = "TradingTerminal.LseBacktest", "src\windows\Tools\TradingTerminal.LseBacktest\TradingTerminal.LseBacktest.csproj", "{3CDF97DC-7F97-4B6B-8469-25A0D19A1BCF}"
EndProject
Project("{FAE04EC0-301F-11D3-BF4B-00C04F79EFBC}") = "TradingTerminal.MarkovRegime", "src\windows\Tools\TradingTerminal.MarkovRegime\TradingTerminal.MarkovRegime.csproj", "{DF677F7A-C581-482C-BB8E-5B2200444BC0}"
EndProject
Project("{FAE04EC0-301F-11D3-BF4B-00C04F79EFBC}") = "TradingTerminal.Ml.ArimaGarch", "src\windows\MachineLearning\TradingTerminal.Ml.ArimaGarch\TradingTerminal.Ml.ArimaGarch.csproj", "{16D7CCC2-B72C-44F8-BDDE-76E3E12D34CC}"
EndProject
Project("{FAE04EC0-301F-11D3-BF4B-00C04F79EFBC}") = "TradingTerminal.Ml.KalmanFilter", "src\windows\MachineLearning\TradingTerminal.Ml.KalmanFilter\TradingTerminal.Ml.KalmanFilter.csproj", "{E0F1CCCB-55DC-411A-93A2-B33B562E4605}"
EndProject
Project("{FAE04EC0-301F-11D3-BF4B-00C04F79EFBC}") = "TradingTerminal.Ml.Stationarity", "src\windows\MachineLearning\TradingTerminal.Ml.Stationarity\TradingTerminal.Ml.Stationarity.csproj", "{6D593A04-1B57-470B-BE67-F9F3CDDD0B80}"
EndProject
Project("{FAE04EC0-301F-11D3-BF4B-00C04F79EFBC}") = "TradingTerminal.OrderBook", "src\windows\Charts\TradingTerminal.OrderBook\TradingTerminal.OrderBook.csproj", "{CBC3383D-2BB1-4BE4-88B4-D26B6CA7D8A4}"
EndProject
Project("{FAE04EC0-301F-11D3-BF4B-00C04F79EFBC}") = "TradingTerminal.QuantConnect", "src\windows\Tools\TradingTerminal.QuantConnect\TradingTerminal.QuantConnect.csproj", "{DA6ED6FF-D80E-4D01-8DA8-6B2FA03DA917}"
EndProject
Project("{FAE04EC0-301F-11D3-BF4B-00C04F79EFBC}") = "TradingTerminal.Recording", "src\windows\Tools\TradingTerminal.Recording\TradingTerminal.Recording.csproj", "{854EDB99-6D7A-41B3-99AA-83982CCC5701}"
EndProject
Project("{FAE04EC0-301F-11D3-BF4B-00C04F79EFBC}") = "TradingTerminal.Strategies.CumulativeDelta", "src\windows\Strategies\TradingTerminal.Strategies.CumulativeDelta\TradingTerminal.Strategies.CumulativeDelta.csproj", "{A2B43F6A-1E45-492F-8320-10EF52CC0553}"
EndProject
Project("{FAE04EC0-301F-11D3-BF4B-00C04F79EFBC}") = "TradingTerminal.Strategies.FilteredOrderFlow", "src\windows\Strategies\TradingTerminal.Strategies.FilteredOrderFlow\TradingTerminal.Strategies.FilteredOrderFlow.csproj", "{042F7094-14D6-4867-BBEA-99E0C05EE1E7}"
EndProject
Project("{FAE04EC0-301F-11D3-BF4B-00C04F79EFBC}") = "TradingTerminal.Strategies.ImbalanceHeatFront", "src\windows\Strategies\TradingTerminal.Strategies.ImbalanceHeatFront\TradingTerminal.Strategies.ImbalanceHeatFront.csproj", "{86A1A9A8-0F48-414F-9322-62B8F844080F}"
EndProject
Project("{FAE04EC0-301F-11D3-BF4B-00C04F79EFBC}") = "TradingTerminal.Strategies.IndexKScoreSurface", "src\windows\Strategies\TradingTerminal.Strategies.IndexKScoreSurface\TradingTerminal.Strategies.IndexKScoreSurface.csproj", "{C7D32164-21D6-4564-8595-397301526FED}"
EndProject
Project("{FAE04EC0-301F-11D3-BF4B-00C04F79EFBC}") = "TradingTerminal.Strategies.IndexRegimeGraph", "src\windows\Strategies\TradingTerminal.Strategies.IndexRegimeGraph\TradingTerminal.Strategies.IndexRegimeGraph.csproj", "{B599B458-3FB0-4A55-B99C-E23984E98A7D}"
EndProject
Project("{FAE04EC0-301F-11D3-BF4B-00C04F79EFBC}") = "TradingTerminal.Strategies.OrderFlowCube", "src\windows\Strategies\TradingTerminal.Strategies.OrderFlowCube\TradingTerminal.Strategies.OrderFlowCube.csproj", "{CB15B0D2-30BD-4008-BB60-32F9A8FBD150}"
EndProject
Project("{FAE04EC0-301F-11D3-BF4B-00C04F79EFBC}") = "TradingTerminal.Strategies.OrderFlowPressureMap", "src\windows\Strategies\TradingTerminal.Strategies.OrderFlowPressureMap\TradingTerminal.Strategies.OrderFlowPressureMap.csproj", "{B7E183D5-68D9-4914-A3C9-F5F584DC3B7C}"
EndProject
Project("{FAE04EC0-301F-11D3-BF4B-00C04F79EFBC}") = "TradingTerminal.Strategies.OrderFlowSurfaceSpike", "src\windows\Strategies\TradingTerminal.Strategies.OrderFlowSurfaceSpike\TradingTerminal.Strategies.OrderFlowSurfaceSpike.csproj", "{DCC78A67-7090-47A1-B141-BBAE99C239AC}"
EndProject
Project("{FAE04EC0-301F-11D3-BF4B-00C04F79EFBC}") = "TradingTerminal.Strategies.OrderFlowToxicity", "src\windows\Strategies\TradingTerminal.Strategies.OrderFlowToxicity\TradingTerminal.Strategies.OrderFlowToxicity.csproj", "{CEFD1718-B2D8-4B8C-8B07-01FFD3C1E22C}"
EndProject
Project("{FAE04EC0-301F-11D3-BF4B-00C04F79EFBC}") = "TradingTerminal.Strategies.OrnsteinUhlenbeck", "src\windows\Strategies\TradingTerminal.Strategies.OrnsteinUhlenbeck\TradingTerminal.Strategies.OrnsteinUhlenbeck.csproj", "{F0F6E13D-B20C-48D5-9DAD-4A3BCBC8F7BA}"
EndProject
Project("{FAE04EC0-301F-11D3-BF4B-00C04F79EFBC}") = "TradingTerminal.Strategies.SigmaIcFlow", "src\windows\Strategies\TradingTerminal.Strategies.SigmaIcFlow\TradingTerminal.Strategies.SigmaIcFlow.csproj", "{712B2C96-3998-455D-B9FC-4C6698026746}"
EndProject
Project("{FAE04EC0-301F-11D3-BF4B-00C04F79EFBC}") = "TradingTerminal.Strategies.VolatilityTargeted", "src\windows\Strategies\TradingTerminal.Strategies.VolatilityTargeted\TradingTerminal.Strategies.VolatilityTargeted.csproj", "{2D330589-A9D4-4D56-BFC7-DFCD888C990E}"
EndProject
Project("{FAE04EC0-301F-11D3-BF4B-00C04F79EFBC}") = "TradingTerminal.UI", "src\windows\Shell\TradingTerminal.UI\TradingTerminal.UI.csproj", "{F368685D-3C4D-4188-A285-A9C1F1E66C19}"
EndProject
Project("{FAE04EC0-301F-11D3-BF4B-00C04F79EFBC}") = "TradingTerminal.VolumeFootprint", "src\windows\Charts\TradingTerminal.VolumeFootprint\TradingTerminal.VolumeFootprint.csproj", "{47BF1760-D7DD-4034-8951-61D9375DB7F7}"
EndProject
Project("{2150E333-8FDC-42A3-9474-1A3956D46DE8}") = "windows", "windows", "{41DC3D1A-BEF0-52D5-BF08-70125C48B782}"
EndProject
Project("{2150E333-8FDC-42A3-9474-1A3956D46DE8}") = "linux", "linux", "{3FAED5B6-118E-59CF-B5AF-84434BA53226}"
EndProject
Project("{2150E333-8FDC-42A3-9474-1A3956D46DE8}") = "Shell", "Shell", "{08238530-3B36-5341-A3A8-2B27D0FD2D12}"
EndProject
Project("{2150E333-8FDC-42A3-9474-1A3956D46DE8}") = "AI", "AI", "{7DB1EE06-CCC7-59F2-B5EC-28BCFA26DE36}"
EndProject
Project("{2150E333-8FDC-42A3-9474-1A3956D46DE8}") = "Charts", "Charts", "{016295AC-E784-502C-88E6-4C51BDF52D82}"
EndProject
Project("{2150E333-8FDC-42A3-9474-1A3956D46DE8}") = "MachineLearning", "MachineLearning", "{09C114CB-4622-55AA-9B16-6E0701963DB6}"
EndProject
Project("{2150E333-8FDC-42A3-9474-1A3956D46DE8}") = "Shell", "Shell", "{97360FFA-7E23-5179-BCFD-5A6113230AE1}"
EndProject
Project("{2150E333-8FDC-42A3-9474-1A3956D46DE8}") = "Strategies", "Strategies", "{8721805D-4765-5689-986E-C412FC2F73C7}"
EndProject
Project("{2150E333-8FDC-42A3-9474-1A3956D46DE8}") = "Tools", "Tools", "{3BC1D7E5-CF70-5C52-846F-FB4285B2B11E}"
EndProject
Global
	GlobalSection(SolutionConfigurationPlatforms) = preSolution
		Debug|Any CPU = Debug|Any CPU
		Debug|x64 = Debug|x64
		Debug|x86 = Debug|x86
		Release|Any CPU = Release|Any CPU
		Release|x64 = Release|x64
		Release|x86 = Release|x86
	EndGlobalSection
	GlobalSection(ProjectConfigurationPlatforms) = postSolution
		{15438033-2B80-4BDE-8288-3E390410191C}.Debug|Any CPU.ActiveCfg = Debug|Any CPU
		{15438033-2B80-4BDE-8288-3E390410191C}.Debug|Any CPU.Build.0 = Debug|Any CPU
		{15438033-2B80-4BDE-8288-3E390410191C}.Debug|x64.ActiveCfg = Debug|Any CPU
		{15438033-2B80-4BDE-8288-3E390410191C}.Debug|x64.Build.0 = Debug|Any CPU
		{15438033-2B80-4BDE-8288-3E390410191C}.Debug|x86.ActiveCfg = Debug|Any CPU
		{15438033-2B80-4BDE-8288-3E390410191C}.Debug|x86.Build.0 = Debug|Any CPU
		{15438033-2B80-4BDE-8288-3E390410191C}.Release|Any CPU.ActiveCfg = Release|Any CPU
		{15438033-2B80-4BDE-8288-3E390410191C}.Release|Any CPU.Build.0 = Release|Any CPU
		{15438033-2B80-4BDE-8288-3E390410191C}.Release|x64.ActiveCfg = Release|Any CPU
		{15438033-2B80-4BDE-8288-3E390410191C}.Release|x64.Build.0 = Release|Any CPU
		{15438033-2B80-4BDE-8288-3E390410191C}.Release|x86.ActiveCfg = Release|Any CPU
		{15438033-2B80-4BDE-8288-3E390410191C}.Release|x86.Build.0 = Release|Any CPU
		{294A0017-1773-4A91-8674-FE88A48FE6CF}.Debug|Any CPU.ActiveCfg = Debug|Any CPU
		{294A0017-1773-4A91-8674-FE88A48FE6CF}.Debug|Any CPU.Build.0 = Debug|Any CPU
		{294A0017-1773-4A91-8674-FE88A48FE6CF}.Debug|x64.ActiveCfg = Debug|Any CPU
		{294A0017-1773-4A91-8674-FE88A48FE6CF}.Debug|x64.Build.0 = Debug|Any CPU
		{294A0017-1773-4A91-8674-FE88A48FE6CF}.Debug|x86.ActiveCfg = Debug|Any CPU
		{294A0017-1773-4A91-8674-FE88A48FE6CF}.Debug|x86.Build.0 = Debug|Any CPU
		{294A0017-1773-4A91-8674-FE88A48FE6CF}.Release|Any CPU.ActiveCfg = Release|Any CPU
		{294A0017-1773-4A91-8674-FE88A48FE6CF}.Release|Any CPU.Build.0 = Release|Any CPU
		{294A0017-1773-4A91-8674-FE88A48FE6CF}.Release|x64.ActiveCfg = Release|Any CPU
		{294A0017-1773-4A91-8674-FE88A48FE6CF}.Release|x64.Build.0 = Release|Any CPU
		{294A0017-1773-4A91-8674-FE88A48FE6CF}.Release|x86.ActiveCfg = Release|Any CPU
		{294A0017-1773-4A91-8674-FE88A48FE6CF}.Release|x86.Build.0 = Release|Any CPU
		{66F3E99C-609F-4040-BB4F-61BD0CCDD6CE}.Debug|Any CPU.ActiveCfg = Debug|Any CPU
		{66F3E99C-609F-4040-BB4F-61BD0CCDD6CE}.Debug|Any CPU.Build.0 = Debug|Any CPU
		{66F3E99C-609F-4040-BB4F-61BD0CCDD6CE}.Debug|x64.ActiveCfg = Debug|Any CPU
		{66F3E99C-609F-4040-BB4F-61BD0CCDD6CE}.Debug|x64.Build.0 = Debug|Any CPU
		{66F3E99C-609F-4040-BB4F-61BD0CCDD6CE}.Debug|x86.ActiveCfg = Debug|Any CPU
		{66F3E99C-609F-4040-BB4F-61BD0CCDD6CE}.Debug|x86.Build.0 = Debug|Any CPU
		{66F3E99C-609F-4040-BB4F-61BD0CCDD6CE}.Release|Any CPU.ActiveCfg = Release|Any CPU
		{66F3E99C-609F-4040-BB4F-61BD0CCDD6CE}.Release|Any CPU.Build.0 = Release|Any CPU
		{66F3E99C-609F-4040-BB4F-61BD0CCDD6CE}.Release|x64.ActiveCfg = Release|Any CPU
		{66F3E99C-609F-4040-BB4F-61BD0CCDD6CE}.Release|x64.Build.0 = Release|Any CPU
		{66F3E99C-609F-4040-BB4F-61BD0CCDD6CE}.Release|x86.ActiveCfg = Release|Any CPU
		{66F3E99C-609F-4040-BB4F-61BD0CCDD6CE}.Release|x86.Build.0 = Release|Any CPU
		{73EAABFD-A243-4F67-9E05-5E4F4D07B61F}.Debug|Any CPU.ActiveCfg = Debug|Any CPU
		{73EAABFD-A243-4F67-9E05-5E4F4D07B61F}.Debug|Any CPU.Build.0 = Debug|Any CPU
		{73EAABFD-A243-4F67-9E05-5E4F4D07B61F}.Debug|x64.ActiveCfg = Debug|Any CPU
		{73EAABFD-A243-4F67-9E05-5E4F4D07B61F}.Debug|x64.Build.0 = Debug|Any CPU
		{73EAABFD-A243-4F67-9E05-5E4F4D07B61F}.Debug|x86.ActiveCfg = Debug|Any CPU
		{73EAABFD-A243-4F67-9E05-5E4F4D07B61F}.Debug|x86.Build.0 = Debug|Any CPU
		{73EAABFD-A243-4F67-9E05-5E4F4D07B61F}.Release|Any CPU.ActiveCfg = Release|Any CPU
		{73EAABFD-A243-4F67-9E05-5E4F4D07B61F}.Release|Any CPU.Build.0 = Release|Any CPU
		{73EAABFD-A243-4F67-9E05-5E4F4D07B61F}.Release|x64.ActiveCfg = Release|Any CPU
		{73EAABFD-A243-4F67-9E05-5E4F4D07B61F}.Release|x64.Build.0 = Release|Any CPU
		{73EAABFD-A243-4F67-9E05-5E4F4D07B61F}.Release|x86.ActiveCfg = Release|Any CPU
		{73EAABFD-A243-4F67-9E05-5E4F4D07B61F}.Release|x86.Build.0 = Release|Any CPU
		{C3F0BAF0-7585-4862-AD5A-811A83479739}.Debug|Any CPU.ActiveCfg = Debug|Any CPU
		{C3F0BAF0-7585-4862-AD5A-811A83479739}.Debug|Any CPU.Build.0 = Debug|Any CPU
		{C3F0BAF0-7585-4862-AD5A-811A83479739}.Debug|x64.ActiveCfg = Debug|Any CPU
		{C3F0BAF0-7585-4862-AD5A-811A83479739}.Debug|x64.Build.0 = Debug|Any CPU
		{C3F0BAF0-7585-4862-AD5A-811A83479739}.Debug|x86.ActiveCfg = Debug|Any CPU
		{C3F0BAF0-7585-4862-AD5A-811A83479739}.Debug|x86.Build.0 = Debug|Any CPU
		{C3F0BAF0-7585-4862-AD5A-811A83479739}.Release|Any CPU.ActiveCfg = Release|Any CPU
		{C3F0BAF0-7585-4862-AD5A-811A83479739}.Release|Any CPU.Build.0 = Release|Any CPU
		{C3F0BAF0-7585-4862-AD5A-811A83479739}.Release|x64.ActiveCfg = Release|Any CPU
		{C3F0BAF0-7585-4862-AD5A-811A83479739}.Release|x64.Build.0 = Release|Any CPU
		{C3F0BAF0-7585-4862-AD5A-811A83479739}.Release|x86.ActiveCfg = Release|Any CPU
		{C3F0BAF0-7585-4862-AD5A-811A83479739}.Release|x86.Build.0 = Release|Any CPU
		{F2C3AE50-23CC-44A5-A1C4-DD47064453D1}.Debug|Any CPU.ActiveCfg = Debug|Any CPU
		{F2C3AE50-23CC-44A5-A1C4-DD47064453D1}.Debug|Any CPU.Build.0 = Debug|Any CPU
		{F2C3AE50-23CC-44A5-A1C4-DD47064453D1}.Debug|x64.ActiveCfg = Debug|Any CPU
		{F2C3AE50-23CC-44A5-A1C4-DD47064453D1}.Debug|x64.Build.0 = Debug|Any CPU
		{F2C3AE50-23CC-44A5-A1C4-DD47064453D1}.Debug|x86.ActiveCfg = Debug|Any CPU
		{F2C3AE50-23CC-44A5-A1C4-DD47064453D1}.Debug|x86.Build.0 = Debug|Any CPU
		{F2C3AE50-23CC-44A5-A1C4-DD47064453D1}.Release|Any CPU.ActiveCfg = Release|Any CPU
		{F2C3AE50-23CC-44A5-A1C4-DD47064453D1}.Release|Any CPU.Build.0 = Release|Any CPU
		{F2C3AE50-23CC-44A5-A1C4-DD47064453D1}.Release|x64.ActiveCfg = Release|Any CPU
		{F2C3AE50-23CC-44A5-A1C4-DD47064453D1}.Release|x64.Build.0 = Release|Any CPU
		{F2C3AE50-23CC-44A5-A1C4-DD47064453D1}.Release|x86.ActiveCfg = Release|Any CPU
		{F2C3AE50-23CC-44A5-A1C4-DD47064453D1}.Release|x86.Build.0 = Release|Any CPU
		{4A011B54-7C6E-44BC-8598-8A1C30683E57}.Debug|Any CPU.ActiveCfg = Debug|Any CPU
		{4A011B54-7C6E-44BC-8598-8A1C30683E57}.Debug|Any CPU.Build.0 = Debug|Any CPU
		{4A011B54-7C6E-44BC-8598-8A1C30683E57}.Debug|x64.ActiveCfg = Debug|Any CPU
		{4A011B54-7C6E-44BC-8598-8A1C30683E57}.Debug|x64.Build.0 = Debug|Any CPU
		{4A011B54-7C6E-44BC-8598-8A1C30683E57}.Debug|x86.ActiveCfg = Debug|Any CPU
		{4A011B54-7C6E-44BC-8598-8A1C30683E57}.Debug|x86.Build.0 = Debug|Any CPU
		{4A011B54-7C6E-44BC-8598-8A1C30683E57}.Release|Any CPU.ActiveCfg = Release|Any CPU
		{4A011B54-7C6E-44BC-8598-8A1C30683E57}.Release|Any CPU.Build.0 = Release|Any CPU
		{4A011B54-7C6E-44BC-8598-8A1C30683E57}.Release|x64.ActiveCfg = Release|Any CPU
		{4A011B54-7C6E-44BC-8598-8A1C30683E57}.Release|x64.Build.0 = Release|Any CPU
		{4A011B54-7C6E-44BC-8598-8A1C30683E57}.Release|x86.ActiveCfg = Release|Any CPU
		{4A011B54-7C6E-44BC-8598-8A1C30683E57}.Release|x86.Build.0 = Release|Any CPU
		{18FCBEAF-535D-49E3-BA21-EFF0B999C3AD}.Debug|Any CPU.ActiveCfg = Debug|Any CPU
		{18FCBEAF-535D-49E3-BA21-EFF0B999C3AD}.Debug|Any CPU.Build.0 = Debug|Any CPU
		{18FCBEAF-535D-49E3-BA21-EFF0B999C3AD}.Debug|x64.ActiveCfg = Debug|Any CPU
		{18FCBEAF-535D-49E3-BA21-EFF0B999C3AD}.Debug|x64.Build.0 = Debug|Any CPU
		{18FCBEAF-535D-49E3-BA21-EFF0B999C3AD}.Debug|x86.ActiveCfg = Debug|Any CPU
		{18FCBEAF-535D-49E3-BA21-EFF0B999C3AD}.Debug|x86.Build.0 = Debug|Any CPU
		{18FCBEAF-535D-49E3-BA21-EFF0B999C3AD}.Release|Any CPU.ActiveCfg = Release|Any CPU
		{18FCBEAF-535D-49E3-BA21-EFF0B999C3AD}.Release|Any CPU.Build.0 = Release|Any CPU
		{18FCBEAF-535D-49E3-BA21-EFF0B999C3AD}.Release|x64.ActiveCfg = Release|Any CPU
		{18FCBEAF-535D-49E3-BA21-EFF0B999C3AD}.Release|x64.Build.0 = Release|Any CPU
		{18FCBEAF-535D-49E3-BA21-EFF0B999C3AD}.Release|x86.ActiveCfg = Release|Any CPU
		{18FCBEAF-535D-49E3-BA21-EFF0B999C3AD}.Release|x86.Build.0 = Release|Any CPU
		{59E78CF3-B133-46D4-B796-2F66D245E8E5}.Debug|Any CPU.ActiveCfg = Debug|Any CPU
		{59E78CF3-B133-46D4-B796-2F66D245E8E5}.Debug|Any CPU.Build.0 = Debug|Any CPU
		{59E78CF3-B133-46D4-B796-2F66D245E8E5}.Debug|x64.ActiveCfg = Debug|Any CPU
		{59E78CF3-B133-46D4-B796-2F66D245E8E5}.Debug|x64.Build.0 = Debug|Any CPU
		{59E78CF3-B133-46D4-B796-2F66D245E8E5}.Debug|x86.ActiveCfg = Debug|Any CPU
		{59E78CF3-B133-46D4-B796-2F66D245E8E5}.Debug|x86.Build.0 = Debug|Any CPU
		{59E78CF3-B133-46D4-B796-2F66D245E8E5}.Release|Any CPU.ActiveCfg = Release|Any CPU
		{59E78CF3-B133-46D4-B796-2F66D245E8E5}.Release|Any CPU.Build.0 = Release|Any CPU
		{59E78CF3-B133-46D4-B796-2F66D245E8E5}.Release|x64.ActiveCfg = Release|Any CPU
		{59E78CF3-B133-46D4-B796-2F66D245E8E5}.Release|x64.Build.0 = Release|Any CPU
		{59E78CF3-B133-46D4-B796-2F66D245E8E5}.Release|x86.ActiveCfg = Release|Any CPU
		{59E78CF3-B133-46D4-B796-2F66D245E8E5}.Release|x86.Build.0 = Release|Any CPU
		{803A2C7F-2530-4C51-86C2-6076FB383131}.Debug|Any CPU.ActiveCfg = Debug|Any CPU
		{803A2C7F-2530-4C51-86C2-6076FB383131}.Debug|Any CPU.Build.0 = Debug|Any CPU
		{803A2C7F-2530-4C51-86C2-6076FB383131}.Debug|x64.ActiveCfg = Debug|Any CPU
		{803A2C7F-2530-4C51-86C2-6076FB383131}.Debug|x64.Build.0 = Debug|Any CPU
		{803A2C7F-2530-4C51-86C2-6076FB383131}.Debug|x86.ActiveCfg = Debug|Any CPU
		{803A2C7F-2530-4C51-86C2-6076FB383131}.Debug|x86.Build.0 = Debug|Any CPU
		{803A2C7F-2530-4C51-86C2-6076FB383131}.Release|Any CPU.ActiveCfg = Release|Any CPU
		{803A2C7F-2530-4C51-86C2-6076FB383131}.Release|Any CPU.Build.0 = Release|Any CPU
		{803A2C7F-2530-4C51-86C2-6076FB383131}.Release|x64.ActiveCfg = Release|Any CPU
		{803A2C7F-2530-4C51-86C2-6076FB383131}.Release|x64.Build.0 = Release|Any CPU
		{803A2C7F-2530-4C51-86C2-6076FB383131}.Release|x86.ActiveCfg = Release|Any CPU
		{803A2C7F-2530-4C51-86C2-6076FB383131}.Release|x86.Build.0 = Release|Any CPU
		{8DF91C0B-D676-4D42-B94B-377DA85B2DD7}.Debug|Any CPU.ActiveCfg = Debug|Any CPU
		{8DF91C0B-D676-4D42-B94B-377DA85B2DD7}.Debug|Any CPU.Build.0 = Debug|Any CPU
		{8DF91C0B-D676-4D42-B94B-377DA85B2DD7}.Debug|x64.ActiveCfg = Debug|Any CPU
		{8DF91C0B-D676-4D42-B94B-377DA85B2DD7}.Debug|x64.Build.0 = Debug|Any CPU
		{8DF91C0B-D676-4D42-B94B-377DA85B2DD7}.Debug|x86.ActiveCfg = Debug|Any CPU
		{8DF91C0B-D676-4D42-B94B-377DA85B2DD7}.Debug|x86.Build.0 = Debug|Any CPU
		{8DF91C0B-D676-4D42-B94B-377DA85B2DD7}.Release|Any CPU.ActiveCfg = Release|Any CPU
		{8DF91C0B-D676-4D42-B94B-377DA85B2DD7}.Release|Any CPU.Build.0 = Release|Any CPU
		{8DF91C0B-D676-4D42-B94B-377DA85B2DD7}.Release|x64.ActiveCfg = Release|Any CPU
		{8DF91C0B-D676-4D42-B94B-377DA85B2DD7}.Release|x64.Build.0 = Release|Any CPU
		{8DF91C0B-D676-4D42-B94B-377DA85B2DD7}.Release|x86.ActiveCfg = Release|Any CPU
		{8DF91C0B-D676-4D42-B94B-377DA85B2DD7}.Release|x86.Build.0 = Release|Any CPU
		{20B7EE3F-2DE9-4996-A703-79AF29BFB392}.Debug|Any CPU.ActiveCfg = Debug|Any CPU
		{20B7EE3F-2DE9-4996-A703-79AF29BFB392}.Debug|Any CPU.Build.0 = Debug|Any CPU
		{20B7EE3F-2DE9-4996-A703-79AF29BFB392}.Debug|x64.ActiveCfg = Debug|Any CPU
		{20B7EE3F-2DE9-4996-A703-79AF29BFB392}.Debug|x64.Build.0 = Debug|Any CPU
		{20B7EE3F-2DE9-4996-A703-79AF29BFB392}.Debug|x86.ActiveCfg = Debug|Any CPU
		{20B7EE3F-2DE9-4996-A703-79AF29BFB392}.Debug|x86.Build.0 = Debug|Any CPU
		{20B7EE3F-2DE9-4996-A703-79AF29BFB392}.Release|Any CPU.ActiveCfg = Release|Any CPU
		{20B7EE3F-2DE9-4996-A703-79AF29BFB392}.Release|Any CPU.Build.0 = Release|Any CPU
		{20B7EE3F-2DE9-4996-A703-79AF29BFB392}.Release|x64.ActiveCfg = Release|Any CPU
		{20B7EE3F-2DE9-4996-A703-79AF29BFB392}.Release|x64.Build.0 = Release|Any CPU
		{20B7EE3F-2DE9-4996-A703-79AF29BFB392}.Release|x86.ActiveCfg = Release|Any CPU
		{20B7EE3F-2DE9-4996-A703-79AF29BFB392}.Release|x86.Build.0 = Release|Any CPU
		{E327125A-6500-49D3-BE99-00105C663F78}.Debug|Any CPU.ActiveCfg = Debug|Any CPU
		{E327125A-6500-49D3-BE99-00105C663F78}.Debug|Any CPU.Build.0 = Debug|Any CPU
		{E327125A-6500-49D3-BE99-00105C663F78}.Debug|x64.ActiveCfg = Debug|Any CPU
		{E327125A-6500-49D3-BE99-00105C663F78}.Debug|x64.Build.0 = Debug|Any CPU
		{E327125A-6500-49D3-BE99-00105C663F78}.Debug|x86.ActiveCfg = Debug|Any CPU
		{E327125A-6500-49D3-BE99-00105C663F78}.Debug|x86.Build.0 = Debug|Any CPU
		{E327125A-6500-49D3-BE99-00105C663F78}.Release|Any CPU.ActiveCfg = Release|Any CPU
		{E327125A-6500-49D3-BE99-00105C663F78}.Release|Any CPU.Build.0 = Release|Any CPU
		{E327125A-6500-49D3-BE99-00105C663F78}.Release|x64.ActiveCfg = Release|Any CPU
		{E327125A-6500-49D3-BE99-00105C663F78}.Release|x64.Build.0 = Release|Any CPU
		{E327125A-6500-49D3-BE99-00105C663F78}.Release|x86.ActiveCfg = Release|Any CPU
		{E327125A-6500-49D3-BE99-00105C663F78}.Release|x86.Build.0 = Release|Any CPU
		{BC7B27CA-730E-4A4D-8A81-79007A6F2ECC}.Debug|Any CPU.ActiveCfg = Debug|Any CPU
		{BC7B27CA-730E-4A4D-8A81-79007A6F2ECC}.Debug|Any CPU.Build.0 = Debug|Any CPU
		{BC7B27CA-730E-4A4D-8A81-79007A6F2ECC}.Debug|x64.ActiveCfg = Debug|Any CPU
		{BC7B27CA-730E-4A4D-8A81-79007A6F2ECC}.Debug|x64.Build.0 = Debug|Any CPU
		{BC7B27CA-730E-4A4D-8A81-79007A6F2ECC}.Debug|x86.ActiveCfg = Debug|Any CPU
		{BC7B27CA-730E-4A4D-8A81-79007A6F2ECC}.Debug|x86.Build.0 = Debug|Any CPU
		{BC7B27CA-730E-4A4D-8A81-79007A6F2ECC}.Release|Any CPU.ActiveCfg = Release|Any CPU
		{BC7B27CA-730E-4A4D-8A81-79007A6F2ECC}.Release|Any CPU.Build.0 = Release|Any CPU
		{BC7B27CA-730E-4A4D-8A81-79007A6F2ECC}.Release|x64.ActiveCfg = Release|Any CPU
		{BC7B27CA-730E-4A4D-8A81-79007A6F2ECC}.Release|x64.Build.0 = Release|Any CPU
		{BC7B27CA-730E-4A4D-8A81-79007A6F2ECC}.Release|x86.ActiveCfg = Release|Any CPU
		{BC7B27CA-730E-4A4D-8A81-79007A6F2ECC}.Release|x86.Build.0 = Release|Any CPU
		{D21D0A59-96E0-4F02-B9C1-798DBD30D198}.Debug|Any CPU.ActiveCfg = Debug|Any CPU
		{D21D0A59-96E0-4F02-B9C1-798DBD30D198}.Debug|Any CPU.Build.0 = Debug|Any CPU
		{D21D0A59-96E0-4F02-B9C1-798DBD30D198}.Debug|x64.ActiveCfg = Debug|Any CPU
		{D21D0A59-96E0-4F02-B9C1-798DBD30D198}.Debug|x64.Build.0 = Debug|Any CPU
		{D21D0A59-96E0-4F02-B9C1-798DBD30D198}.Debug|x86.ActiveCfg = Debug|Any CPU
		{D21D0A59-96E0-4F02-B9C1-798DBD30D198}.Debug|x86.Build.0 = Debug|Any CPU
		{D21D0A59-96E0-4F02-B9C1-798DBD30D198}.Release|Any CPU.ActiveCfg = Release|Any CPU
		{D21D0A59-96E0-4F02-B9C1-798DBD30D198}.Release|Any CPU.Build.0 = Release|Any CPU
		{D21D0A59-96E0-4F02-B9C1-798DBD30D198}.Release|x64.ActiveCfg = Release|Any CPU
		{D21D0A59-96E0-4F02-B9C1-798DBD30D198}.Release|x64.Build.0 = Release|Any CPU
		{D21D0A59-96E0-4F02-B9C1-798DBD30D198}.Release|x86.ActiveCfg = Release|Any CPU
		{D21D0A59-96E0-4F02-B9C1-798DBD30D198}.Release|x86.Build.0 = Release|Any CPU
		{E674236A-5BC6-43D8-AE0B-5A8A2DD256DE}.Debug|Any CPU.ActiveCfg = Debug|Any CPU
		{E674236A-5BC6-43D8-AE0B-5A8A2DD256DE}.Debug|Any CPU.Build.0 = Debug|Any CPU
		{E674236A-5BC6-43D8-AE0B-5A8A2DD256DE}.Debug|x64.ActiveCfg = Debug|Any CPU
		{E674236A-5BC6-43D8-AE0B-5A8A2DD256DE}.Debug|x64.Build.0 = Debug|Any CPU
		{E674236A-5BC6-43D8-AE0B-5A8A2DD256DE}.Debug|x86.ActiveCfg = Debug|Any CPU
		{E674236A-5BC6-43D8-AE0B-5A8A2DD256DE}.Debug|x86.Build.0 = Debug|Any CPU
		{E674236A-5BC6-43D8-AE0B-5A8A2DD256DE}.Release|Any CPU.ActiveCfg = Release|Any CPU
		{E674236A-5BC6-43D8-AE0B-5A8A2DD256DE}.Release|Any CPU.Build.0 = Release|Any CPU
		{E674236A-5BC6-43D8-AE0B-5A8A2DD256DE}.Release|x64.ActiveCfg = Release|Any CPU
		{E674236A-5BC6-43D8-AE0B-5A8A2DD256DE}.Release|x64.Build.0 = Release|Any CPU
		{E674236A-5BC6-43D8-AE0B-5A8A2DD256DE}.Release|x86.ActiveCfg = Release|Any CPU
		{E674236A-5BC6-43D8-AE0B-5A8A2DD256DE}.Release|x86.Build.0 = Release|Any CPU
		{3150FC3A-6FD0-499D-BB8E-87B161492D23}.Debug|Any CPU.ActiveCfg = Debug|Any CPU
		{3150FC3A-6FD0-499D-BB8E-87B161492D23}.Debug|Any CPU.Build.0 = Debug|Any CPU
		{3150FC3A-6FD0-499D-BB8E-87B161492D23}.Debug|x64.ActiveCfg = Debug|Any CPU
		{3150FC3A-6FD0-499D-BB8E-87B161492D23}.Debug|x64.Build.0 = Debug|Any CPU
		{3150FC3A-6FD0-499D-BB8E-87B161492D23}.Debug|x86.ActiveCfg = Debug|Any CPU
		{3150FC3A-6FD0-499D-BB8E-87B161492D23}.Debug|x86.Build.0 = Debug|Any CPU
		{3150FC3A-6FD0-499D-BB8E-87B161492D23}.Release|Any CPU.ActiveCfg = Release|Any CPU
		{3150FC3A-6FD0-499D-BB8E-87B161492D23}.Release|Any CPU.Build.0 = Release|Any CPU
		{3150FC3A-6FD0-499D-BB8E-87B161492D23}.Release|x64.ActiveCfg = Release|Any CPU
		{3150FC3A-6FD0-499D-BB8E-87B161492D23}.Release|x64.Build.0 = Release|Any CPU
		{3150FC3A-6FD0-499D-BB8E-87B161492D23}.Release|x86.ActiveCfg = Release|Any CPU
		{3150FC3A-6FD0-499D-BB8E-87B161492D23}.Release|x86.Build.0 = Release|Any CPU
		{3CDF97DC-7F97-4B6B-8469-25A0D19A1BCF}.Debug|Any CPU.ActiveCfg = Debug|Any CPU
		{3CDF97DC-7F97-4B6B-8469-25A0D19A1BCF}.Debug|Any CPU.Build.0 = Debug|Any CPU
		{3CDF97DC-7F97-4B6B-8469-25A0D19A1BCF}.Debug|x64.ActiveCfg = Debug|Any CPU
		{3CDF97DC-7F97-4B6B-8469-25A0D19A1BCF}.Debug|x64.Build.0 = Debug|Any CPU
		{3CDF97DC-7F97-4B6B-8469-25A0D19A1BCF}.Debug|x86.ActiveCfg = Debug|Any CPU
		{3CDF97DC-7F97-4B6B-8469-25A0D19A1BCF}.Debug|x86.Build.0 = Debug|Any CPU
		{3CDF97DC-7F97-4B6B-8469-25A0D19A1BCF}.Release|Any CPU.ActiveCfg = Release|Any CPU
		{3CDF97DC-7F97-4B6B-8469-25A0D19A1BCF}.Release|Any CPU.Build.0 = Release|Any CPU
		{3CDF97DC-7F97-4B6B-8469-25A0D19A1BCF}.Release|x64.ActiveCfg = Release|Any CPU
		{3CDF97DC-7F97-4B6B-8469-25A0D19A1BCF}.Release|x64.Build.0 = Release|Any CPU
		{3CDF97DC-7F97-4B6B-8469-25A0D19A1BCF}.Release|x86.ActiveCfg = Release|Any CPU
		{3CDF97DC-7F97-4B6B-8469-25A0D19A1BCF}.Release|x86.Build.0 = Release|Any CPU
		{DF677F7A-C581-482C-BB8E-5B2200444BC0}.Debug|Any CPU.ActiveCfg = Debug|Any CPU
		{DF677F7A-C581-482C-BB8E-5B2200444BC0}.Debug|Any CPU.Build.0 = Debug|Any CPU
		{DF677F7A-C581-482C-BB8E-5B2200444BC0}.Debug|x64.ActiveCfg = Debug|Any CPU
		{DF677F7A-C581-482C-BB8E-5B2200444BC0}.Debug|x64.Build.0 = Debug|Any CPU
		{DF677F7A-C581-482C-BB8E-5B2200444BC0}.Debug|x86.ActiveCfg = Debug|Any CPU
		{DF677F7A-C581-482C-BB8E-5B2200444BC0}.Debug|x86.Build.0 = Debug|Any CPU
		{DF677F7A-C581-482C-BB8E-5B2200444BC0}.Release|Any CPU.ActiveCfg = Release|Any CPU
		{DF677F7A-C581-482C-BB8E-5B2200444BC0}.Release|Any CPU.Build.0 = Release|Any CPU
		{DF677F7A-C581-482C-BB8E-5B2200444BC0}.Release|x64.ActiveCfg = Release|Any CPU
		{DF677F7A-C581-482C-BB8E-5B2200444BC0}.Release|x64.Build.0 = Release|Any CPU
		{DF677F7A-C581-482C-BB8E-5B2200444BC0}.Release|x86.ActiveCfg = Release|Any CPU
		{DF677F7A-C581-482C-BB8E-5B2200444BC0}.Release|x86.Build.0 = Release|Any CPU
		{16D7CCC2-B72C-44F8-BDDE-76E3E12D34CC}.Debug|Any CPU.ActiveCfg = Debug|Any CPU
		{16D7CCC2-B72C-44F8-BDDE-76E3E12D34CC}.Debug|Any CPU.Build.0 = Debug|Any CPU
		{16D7CCC2-B72C-44F8-BDDE-76E3E12D34CC}.Debug|x64.ActiveCfg = Debug|Any CPU
		{16D7CCC2-B72C-44F8-BDDE-76E3E12D34CC}.Debug|x64.Build.0 = Debug|Any CPU
		{16D7CCC2-B72C-44F8-BDDE-76E3E12D34CC}.Debug|x86.ActiveCfg = Debug|Any CPU
		{16D7CCC2-B72C-44F8-BDDE-76E3E12D34CC}.Debug|x86.Build.0 = Debug|Any CPU
		{16D7CCC2-B72C-44F8-BDDE-76E3E12D34CC}.Release|Any CPU.ActiveCfg = Release|Any CPU
		{16D7CCC2-B72C-44F8-BDDE-76E3E12D34CC}.Release|Any CPU.Build.0 = Release|Any CPU
		{16D7CCC2-B72C-44F8-BDDE-76E3E12D34CC}.Release|x64.ActiveCfg = Release|Any CPU
		{16D7CCC2-B72C-44F8-BDDE-76E3E12D34CC}.Release|x64.Build.0 = Release|Any CPU
		{16D7CCC2-B72C-44F8-BDDE-76E3E12D34CC}.Release|x86.ActiveCfg = Release|Any CPU
		{16D7CCC2-B72C-44F8-BDDE-76E3E12D34CC}.Release|x86.Build.0 = Release|Any CPU
		{E0F1CCCB-55DC-411A-93A2-B33B562E4605}.Debug|Any CPU.ActiveCfg = Debug|Any CPU
		{E0F1CCCB-55DC-411A-93A2-B33B562E4605}.Debug|Any CPU.Build.0 = Debug|Any CPU
		{E0F1CCCB-55DC-411A-93A2-B33B562E4605}.Debug|x64.ActiveCfg = Debug|Any CPU
		{E0F1CCCB-55DC-411A-93A2-B33B562E4605}.Debug|x64.Build.0 = Debug|Any CPU
		{E0F1CCCB-55DC-411A-93A2-B33B562E4605}.Debug|x86.ActiveCfg = Debug|Any CPU
		{E0F1CCCB-55DC-411A-93A2-B33B562E4605}.Debug|x86.Build.0 = Debug|Any CPU
		{E0F1CCCB-55DC-411A-93A2-B33B562E4605}.Release|Any CPU.ActiveCfg = Release|Any CPU
		{E0F1CCCB-55DC-411A-93A2-B33B562E4605}.Release|Any CPU.Build.0 = Release|Any CPU
		{E0F1CCCB-55DC-411A-93A2-B33B562E4605}.Release|x64.ActiveCfg = Release|Any CPU
		{E0F1CCCB-55DC-411A-93A2-B33B562E4605}.Release|x64.Build.0 = Release|Any CPU
		{E0F1CCCB-55DC-411A-93A2-B33B562E4605}.Release|x86.ActiveCfg = Release|Any CPU
		{E0F1CCCB-55DC-411A-93A2-B33B562E4605}.Release|x86.Build.0 = Release|Any CPU
		{6D593A04-1B57-470B-BE67-F9F3CDDD0B80}.Debug|Any CPU.ActiveCfg = Debug|Any CPU
		{6D593A04-1B57-470B-BE67-F9F3CDDD0B80}.Debug|Any CPU.Build.0 = Debug|Any CPU
		{6D593A04-1B57-470B-BE67-F9F3CDDD0B80}.Debug|x64.ActiveCfg = Debug|Any CPU
		{6D593A04-1B57-470B-BE67-F9F3CDDD0B80}.Debug|x64.Build.0 = Debug|Any CPU
		{6D593A04-1B57-470B-BE67-F9F3CDDD0B80}.Debug|x86.ActiveCfg = Debug|Any CPU
		{6D593A04-1B57-470B-BE67-F9F3CDDD0B80}.Debug|x86.Build.0 = Debug|Any CPU
		{6D593A04-1B57-470B-BE67-F9F3CDDD0B80}.Release|Any CPU.ActiveCfg = Release|Any CPU
		{6D593A04-1B57-470B-BE67-F9F3CDDD0B80}.Release|Any CPU.Build.0 = Release|Any CPU
		{6D593A04-1B57-470B-BE67-F9F3CDDD0B80}.Release|x64.ActiveCfg = Release|Any CPU
		{6D593A04-1B57-470B-BE67-F9F3CDDD0B80}.Release|x64.Build.0 = Release|Any CPU
		{6D593A04-1B57-470B-BE67-F9F3CDDD0B80}.Release|x86.ActiveCfg = Release|Any CPU
		{6D593A04-1B57-470B-BE67-F9F3CDDD0B80}.Release|x86.Build.0 = Release|Any CPU
		{CBC3383D-2BB1-4BE4-88B4-D26B6CA7D8A4}.Debug|Any CPU.ActiveCfg = Debug|Any CPU
		{CBC3383D-2BB1-4BE4-88B4-D26B6CA7D8A4}.Debug|Any CPU.Build.0 = Debug|Any CPU
		{CBC3383D-2BB1-4BE4-88B4-D26B6CA7D8A4}.Debug|x64.ActiveCfg = Debug|Any CPU
		{CBC3383D-2BB1-4BE4-88B4-D26B6CA7D8A4}.Debug|x64.Build.0 = Debug|Any CPU
		{CBC3383D-2BB1-4BE4-88B4-D26B6CA7D8A4}.Debug|x86.ActiveCfg = Debug|Any CPU
		{CBC3383D-2BB1-4BE4-88B4-D26B6CA7D8A4}.Debug|x86.Build.0 = Debug|Any CPU
		{CBC3383D-2BB1-4BE4-88B4-D26B6CA7D8A4}.Release|Any CPU.ActiveCfg = Release|Any CPU
		{CBC3383D-2BB1-4BE4-88B4-D26B6CA7D8A4}.Release|Any CPU.Build.0 = Release|Any CPU
		{CBC3383D-2BB1-4BE4-88B4-D26B6CA7D8A4}.Release|x64.ActiveCfg = Release|Any CPU
		{CBC3383D-2BB1-4BE4-88B4-D26B6CA7D8A4}.Release|x64.Build.0 = Release|Any CPU
		{CBC3383D-2BB1-4BE4-88B4-D26B6CA7D8A4}.Release|x86.ActiveCfg = Release|Any CPU
		{CBC3383D-2BB1-4BE4-88B4-D26B6CA7D8A4}.Release|x86.Build.0 = Release|Any CPU
		{DA6ED6FF-D80E-4D01-8DA8-6B2FA03DA917}.Debug|Any CPU.ActiveCfg = Debug|Any CPU
		{DA6ED6FF-D80E-4D01-8DA8-6B2FA03DA917}.Debug|Any CPU.Build.0 = Debug|Any CPU
		{DA6ED6FF-D80E-4D01-8DA8-6B2FA03DA917}.Debug|x64.ActiveCfg = Debug|Any CPU
		{DA6ED6FF-D80E-4D01-8DA8-6B2FA03DA917}.Debug|x64.Build.0 = Debug|Any CPU
		{DA6ED6FF-D80E-4D01-8DA8-6B2FA03DA917}.Debug|x86.ActiveCfg = Debug|Any CPU
		{DA6ED6FF-D80E-4D01-8DA8-6B2FA03DA917}.Debug|x86.Build.0 = Debug|Any CPU
		{DA6ED6FF-D80E-4D01-8DA8-6B2FA03DA917}.Release|Any CPU.ActiveCfg = Release|Any CPU
		{DA6ED6FF-D80E-4D01-8DA8-6B2FA03DA917}.Release|Any CPU.Build.0 = Release|Any CPU
		{DA6ED6FF-D80E-4D01-8DA8-6B2FA03DA917}.Release|x64.ActiveCfg = Release|Any CPU
		{DA6ED6FF-D80E-4D01-8DA8-6B2FA03DA917}.Release|x64.Build.0 = Release|Any CPU
		{DA6ED6FF-D80E-4D01-8DA8-6B2FA03DA917}.Release|x86.ActiveCfg = Release|Any CPU
		{DA6ED6FF-D80E-4D01-8DA8-6B2FA03DA917}.Release|x86.Build.0 = Release|Any CPU
		{854EDB99-6D7A-41B3-99AA-83982CCC5701}.Debug|Any CPU.ActiveCfg = Debug|Any CPU
		{854EDB99-6D7A-41B3-99AA-83982CCC5701}.Debug|Any CPU.Build.0 = Debug|Any CPU
		{854EDB99-6D7A-41B3-99AA-83982CCC5701}.Debug|x64.ActiveCfg = Debug|Any CPU
		{854EDB99-6D7A-41B3-99AA-83982CCC5701}.Debug|x64.Build.0 = Debug|Any CPU
		{854EDB99-6D7A-41B3-99AA-83982CCC5701}.Debug|x86.ActiveCfg = Debug|Any CPU
		{854EDB99-6D7A-41B3-99AA-83982CCC5701}.Debug|x86.Build.0 = Debug|Any CPU
		{854EDB99-6D7A-41B3-99AA-83982CCC5701}.Release|Any CPU.ActiveCfg = Release|Any CPU
		{854EDB99-6D7A-41B3-99AA-83982CCC5701}.Release|Any CPU.Build.0 = Release|Any CPU
		{854EDB99-6D7A-41B3-99AA-83982CCC5701}.Release|x64.ActiveCfg = Release|Any CPU
		{854EDB99-6D7A-41B3-99AA-83982CCC5701}.Release|x64.Build.0 = Release|Any CPU
		{854EDB99-6D7A-41B3-99AA-83982CCC5701}.Release|x86.ActiveCfg = Release|Any CPU
		{854EDB99-6D7A-41B3-99AA-83982CCC5701}.Release|x86.Build.0 = Release|Any CPU
		{A2B43F6A-1E45-492F-8320-10EF52CC0553}.Debug|Any CPU.ActiveCfg = Debug|Any CPU
		{A2B43F6A-1E45-492F-8320-10EF52CC0553}.Debug|Any CPU.Build.0 = Debug|Any CPU
		{A2B43F6A-1E45-492F-8320-10EF52CC0553}.Debug|x64.ActiveCfg = Debug|Any CPU
		{A2B43F6A-1E45-492F-8320-10EF52CC0553}.Debug|x64.Build.0 = Debug|Any CPU
		{A2B43F6A-1E45-492F-8320-10EF52CC0553}.Debug|x86.ActiveCfg = Debug|Any CPU
		{A2B43F6A-1E45-492F-8320-10EF52CC0553}.Debug|x86.Build.0 = Debug|Any CPU
		{A2B43F6A-1E45-492F-8320-10EF52CC0553}.Release|Any CPU.ActiveCfg = Release|Any CPU
		{A2B43F6A-1E45-492F-8320-10EF52CC0553}.Release|Any CPU.Build.0 = Release|Any CPU
		{A2B43F6A-1E45-492F-8320-10EF52CC0553}.Release|x64.ActiveCfg = Release|Any CPU
		{A2B43F6A-1E45-492F-8320-10EF52CC0553}.Release|x64.Build.0 = Release|Any CPU
		{A2B43F6A-1E45-492F-8320-10EF52CC0553}.Release|x86.ActiveCfg = Release|Any CPU
		{A2B43F6A-1E45-492F-8320-10EF52CC0553}.Release|x86.Build.0 = Release|Any CPU
		{042F7094-14D6-4867-BBEA-99E0C05EE1E7}.Debug|Any CPU.ActiveCfg = Debug|Any CPU
		{042F7094-14D6-4867-BBEA-99E0C05EE1E7}.Debug|Any CPU.Build.0 = Debug|Any CPU
		{042F7094-14D6-4867-BBEA-99E0C05EE1E7}.Debug|x64.ActiveCfg = Debug|Any CPU
		{042F7094-14D6-4867-BBEA-99E0C05EE1E7}.Debug|x64.Build.0 = Debug|Any CPU
		{042F7094-14D6-4867-BBEA-99E0C05EE1E7}.Debug|x86.ActiveCfg = Debug|Any CPU
		{042F7094-14D6-4867-BBEA-99E0C05EE1E7}.Debug|x86.Build.0 = Debug|Any CPU
		{042F7094-14D6-4867-BBEA-99E0C05EE1E7}.Release|Any CPU.ActiveCfg = Release|Any CPU
		{042F7094-14D6-4867-BBEA-99E0C05EE1E7}.Release|Any CPU.Build.0 = Release|Any CPU
		{042F7094-14D6-4867-BBEA-99E0C05EE1E7}.Release|x64.ActiveCfg = Release|Any CPU
		{042F7094-14D6-4867-BBEA-99E0C05EE1E7}.Release|x64.Build.0 = Release|Any CPU
		{042F7094-14D6-4867-BBEA-99E0C05EE1E7}.Release|x86.ActiveCfg = Release|Any CPU
		{042F7094-14D6-4867-BBEA-99E0C05EE1E7}.Release|x86.Build.0 = Release|Any CPU
		{86A1A9A8-0F48-414F-9322-62B8F844080F}.Debug|Any CPU.ActiveCfg = Debug|Any CPU
		{86A1A9A8-0F48-414F-9322-62B8F844080F}.Debug|Any CPU.Build.0 = Debug|Any CPU
		{86A1A9A8-0F48-414F-9322-62B8F844080F}.Debug|x64.ActiveCfg = Debug|Any CPU
		{86A1A9A8-0F48-414F-9322-62B8F844080F}.Debug|x64.Build.0 = Debug|Any CPU
		{86A1A9A8-0F48-414F-9322-62B8F844080F}.Debug|x86.ActiveCfg = Debug|Any CPU
		{86A1A9A8-0F48-414F-9322-62B8F844080F}.Debug|x86.Build.0 = Debug|Any CPU
		{86A1A9A8-0F48-414F-9322-62B8F844080F}.Release|Any CPU.ActiveCfg = Release|Any CPU
		{86A1A9A8-0F48-414F-9322-62B8F844080F}.Release|Any CPU.Build.0 = Release|Any CPU
		{86A1A9A8-0F48-414F-9322-62B8F844080F}.Release|x64.ActiveCfg = Release|Any CPU
		{86A1A9A8-0F48-414F-9322-62B8F844080F}.Release|x64.Build.0 = Release|Any CPU
		{86A1A9A8-0F48-414F-9322-62B8F844080F}.Release|x86.ActiveCfg = Release|Any CPU
		{86A1A9A8-0F48-414F-9322-62B8F844080F}.Release|x86.Build.0 = Release|Any CPU
		{C7D32164-21D6-4564-8595-397301526FED}.Debug|Any CPU.ActiveCfg = Debug|Any CPU
		{C7D32164-21D6-4564-8595-397301526FED}.Debug|Any CPU.Build.0 = Debug|Any CPU
		{C7D32164-21D6-4564-8595-397301526FED}.Debug|x64.ActiveCfg = Debug|Any CPU
		{C7D32164-21D6-4564-8595-397301526FED}.Debug|x64.Build.0 = Debug|Any CPU
		{C7D32164-21D6-4564-8595-397301526FED}.Debug|x86.ActiveCfg = Debug|Any CPU
		{C7D32164-21D6-4564-8595-397301526FED}.Debug|x86.Build.0 = Debug|Any CPU
		{C7D32164-21D6-4564-8595-397301526FED}.Release|Any CPU.ActiveCfg = Release|Any CPU
		{C7D32164-21D6-4564-8595-397301526FED}.Release|Any CPU.Build.0 = Release|Any CPU
		{C7D32164-21D6-4564-8595-397301526FED}.Release|x64.ActiveCfg = Release|Any CPU
		{C7D32164-21D6-4564-8595-397301526FED}.Release|x64.Build.0 = Release|Any CPU
		{C7D32164-21D6-4564-8595-397301526FED}.Release|x86.ActiveCfg = Release|Any CPU
		{C7D32164-21D6-4564-8595-397301526FED}.Release|x86.Build.0 = Release|Any CPU
		{B599B458-3FB0-4A55-B99C-E23984E98A7D}.Debug|Any CPU.ActiveCfg = Debug|Any CPU
		{B599B458-3FB0-4A55-B99C-E23984E98A7D}.Debug|Any CPU.Build.0 = Debug|Any CPU
		{B599B458-3FB0-4A55-B99C-E23984E98A7D}.Debug|x64.ActiveCfg = Debug|Any CPU
		{B599B458-3FB0-4A55-B99C-E23984E98A7D}.Debug|x64.Build.0 = Debug|Any CPU
		{B599B458-3FB0-4A55-B99C-E23984E98A7D}.Debug|x86.ActiveCfg = Debug|Any CPU
		{B599B458-3FB0-4A55-B99C-E23984E98A7D}.Debug|x86.Build.0 = Debug|Any CPU
		{B599B458-3FB0-4A55-B99C-E23984E98A7D}.Release|Any CPU.ActiveCfg = Release|Any CPU
		{B599B458-3FB0-4A55-B99C-E23984E98A7D}.Release|Any CPU.Build.0 = Release|Any CPU
		{B599B458-3FB0-4A55-B99C-E23984E98A7D}.Release|x64.ActiveCfg = Release|Any CPU
		{B599B458-3FB0-4A55-B99C-E23984E98A7D}.Release|x64.Build.0 = Release|Any CPU
		{B599B458-3FB0-4A55-B99C-E23984E98A7D}.Release|x86.ActiveCfg = Release|Any CPU
		{B599B458-3FB0-4A55-B99C-E23984E98A7D}.Release|x86.Build.0 = Release|Any CPU
		{CB15B0D2-30BD-4008-BB60-32F9A8FBD150}.Debug|Any CPU.ActiveCfg = Debug|Any CPU
		{CB15B0D2-30BD-4008-BB60-32F9A8FBD150}.Debug|Any CPU.Build.0 = Debug|Any CPU
		{CB15B0D2-30BD-4008-BB60-32F9A8FBD150}.Debug|x64.ActiveCfg = Debug|Any CPU
		{CB15B0D2-30BD-4008-BB60-32F9A8FBD150}.Debug|x64.Build.0 = Debug|Any CPU
		{CB15B0D2-30BD-4008-BB60-32F9A8FBD150}.Debug|x86.ActiveCfg = Debug|Any CPU
		{CB15B0D2-30BD-4008-BB60-32F9A8FBD150}.Debug|x86.Build.0 = Debug|Any CPU
		{CB15B0D2-30BD-4008-BB60-32F9A8FBD150}.Release|Any CPU.ActiveCfg = Release|Any CPU
		{CB15B0D2-30BD-4008-BB60-32F9A8FBD150}.Release|Any CPU.Build.0 = Release|Any CPU
		{CB15B0D2-30BD-4008-BB60-32F9A8FBD150}.Release|x64.ActiveCfg = Release|Any CPU
		{CB15B0D2-30BD-4008-BB60-32F9A8FBD150}.Release|x64.Build.0 = Release|Any CPU
		{CB15B0D2-30BD-4008-BB60-32F9A8FBD150}.Release|x86.ActiveCfg = Release|Any CPU
		{CB15B0D2-30BD-4008-BB60-32F9A8FBD150}.Release|x86.Build.0 = Release|Any CPU
		{B7E183D5-68D9-4914-A3C9-F5F584DC3B7C}.Debug|Any CPU.ActiveCfg = Debug|Any CPU
		{B7E183D5-68D9-4914-A3C9-F5F584DC3B7C}.Debug|Any CPU.Build.0 = Debug|Any CPU
		{B7E183D5-68D9-4914-A3C9-F5F584DC3B7C}.Debug|x64.ActiveCfg = Debug|Any CPU
		{B7E183D5-68D9-4914-A3C9-F5F584DC3B7C}.Debug|x64.Build.0 = Debug|Any CPU
		{B7E183D5-68D9-4914-A3C9-F5F584DC3B7C}.Debug|x86.ActiveCfg = Debug|Any CPU
		{B7E183D5-68D9-4914-A3C9-F5F584DC3B7C}.Debug|x86.Build.0 = Debug|Any CPU
		{B7E183D5-68D9-4914-A3C9-F5F584DC3B7C}.Release|Any CPU.ActiveCfg = Release|Any CPU
		{B7E183D5-68D9-4914-A3C9-F5F584DC3B7C}.Release|Any CPU.Build.0 = Release|Any CPU
		{B7E183D5-68D9-4914-A3C9-F5F584DC3B7C}.Release|x64.ActiveCfg = Release|Any CPU
		{B7E183D5-68D9-4914-A3C9-F5F584DC3B7C}.Release|x64.Build.0 = Release|Any CPU
		{B7E183D5-68D9-4914-A3C9-F5F584DC3B7C}.Release|x86.ActiveCfg = Release|Any CPU
		{B7E183D5-68D9-4914-A3C9-F5F584DC3B7C}.Release|x86.Build.0 = Release|Any CPU
		{DCC78A67-7090-47A1-B141-BBAE99C239AC}.Debug|Any CPU.ActiveCfg = Debug|Any CPU
		{DCC78A67-7090-47A1-B141-BBAE99C239AC}.Debug|Any CPU.Build.0 = Debug|Any CPU
		{DCC78A67-7090-47A1-B141-BBAE99C239AC}.Debug|x64.ActiveCfg = Debug|Any CPU
		{DCC78A67-7090-47A1-B141-BBAE99C239AC}.Debug|x64.Build.0 = Debug|Any CPU
		{DCC78A67-7090-47A1-B141-BBAE99C239AC}.Debug|x86.ActiveCfg = Debug|Any CPU
		{DCC78A67-7090-47A1-B141-BBAE99C239AC}.Debug|x86.Build.0 = Debug|Any CPU
		{DCC78A67-7090-47A1-B141-BBAE99C239AC}.Release|Any CPU.ActiveCfg = Release|Any CPU
		{DCC78A67-7090-47A1-B141-BBAE99C239AC}.Release|Any CPU.Build.0 = Release|Any CPU
		{DCC78A67-7090-47A1-B141-BBAE99C239AC}.Release|x64.ActiveCfg = Release|Any CPU
		{DCC78A67-7090-47A1-B141-BBAE99C239AC}.Release|x64.Build.0 = Release|Any CPU
		{DCC78A67-7090-47A1-B141-BBAE99C239AC}.Release|x86.ActiveCfg = Release|Any CPU
		{DCC78A67-7090-47A1-B141-BBAE99C239AC}.Release|x86.Build.0 = Release|Any CPU
		{CEFD1718-B2D8-4B8C-8B07-01FFD3C1E22C}.Debug|Any CPU.ActiveCfg = Debug|Any CPU
		{CEFD1718-B2D8-4B8C-8B07-01FFD3C1E22C}.Debug|Any CPU.Build.0 = Debug|Any CPU
		{CEFD1718-B2D8-4B8C-8B07-01FFD3C1E22C}.Debug|x64.ActiveCfg = Debug|Any CPU
		{CEFD1718-B2D8-4B8C-8B07-01FFD3C1E22C}.Debug|x64.Build.0 = Debug|Any CPU
		{CEFD1718-B2D8-4B8C-8B07-01FFD3C1E22C}.Debug|x86.ActiveCfg = Debug|Any CPU
		{CEFD1718-B2D8-4B8C-8B07-01FFD3C1E22C}.Debug|x86.Build.0 = Debug|Any CPU
		{CEFD1718-B2D8-4B8C-8B07-01FFD3C1E22C}.Release|Any CPU.ActiveCfg = Release|Any CPU
		{CEFD1718-B2D8-4B8C-8B07-01FFD3C1E22C}.Release|Any CPU.Build.0 = Release|Any CPU
		{CEFD1718-B2D8-4B8C-8B07-01FFD3C1E22C}.Release|x64.ActiveCfg = Release|Any CPU
		{CEFD1718-B2D8-4B8C-8B07-01FFD3C1E22C}.Release|x64.Build.0 = Release|Any CPU
		{CEFD1718-B2D8-4B8C-8B07-01FFD3C1E22C}.Release|x86.ActiveCfg = Release|Any CPU
		{CEFD1718-B2D8-4B8C-8B07-01FFD3C1E22C}.Release|x86.Build.0 = Release|Any CPU
		{F0F6E13D-B20C-48D5-9DAD-4A3BCBC8F7BA}.Debug|Any CPU.ActiveCfg = Debug|Any CPU
		{F0F6E13D-B20C-48D5-9DAD-4A3BCBC8F7BA}.Debug|Any CPU.Build.0 = Debug|Any CPU
		{F0F6E13D-B20C-48D5-9DAD-4A3BCBC8F7BA}.Debug|x64.ActiveCfg = Debug|Any CPU
		{F0F6E13D-B20C-48D5-9DAD-4A3BCBC8F7BA}.Debug|x64.Build.0 = Debug|Any CPU
		{F0F6E13D-B20C-48D5-9DAD-4A3BCBC8F7BA}.Debug|x86.ActiveCfg = Debug|Any CPU
		{F0F6E13D-B20C-48D5-9DAD-4A3BCBC8F7BA}.Debug|x86.Build.0 = Debug|Any CPU
		{F0F6E13D-B20C-48D5-9DAD-4A3BCBC8F7BA}.Release|Any CPU.ActiveCfg = Release|Any CPU
		{F0F6E13D-B20C-48D5-9DAD-4A3BCBC8F7BA}.Release|Any CPU.Build.0 = Release|Any CPU
		{F0F6E13D-B20C-48D5-9DAD-4A3BCBC8F7BA}.Release|x64.ActiveCfg = Release|Any CPU
		{F0F6E13D-B20C-48D5-9DAD-4A3BCBC8F7BA}.Release|x64.Build.0 = Release|Any CPU
		{F0F6E13D-B20C-48D5-9DAD-4A3BCBC8F7BA}.Release|x86.ActiveCfg = Release|Any CPU
		{F0F6E13D-B20C-48D5-9DAD-4A3BCBC8F7BA}.Release|x86.Build.0 = Release|Any CPU
		{712B2C96-3998-455D-B9FC-4C6698026746}.Debug|Any CPU.ActiveCfg = Debug|Any CPU
		{712B2C96-3998-455D-B9FC-4C6698026746}.Debug|Any CPU.Build.0 = Debug|Any CPU
		{712B2C96-3998-455D-B9FC-4C6698026746}.Debug|x64.ActiveCfg = Debug|Any CPU
		{712B2C96-3998-455D-B9FC-4C6698026746}.Debug|x64.Build.0 = Debug|Any CPU
		{712B2C96-3998-455D-B9FC-4C6698026746}.Debug|x86.ActiveCfg = Debug|Any CPU
		{712B2C96-3998-455D-B9FC-4C6698026746}.Debug|x86.Build.0 = Debug|Any CPU
		{712B2C96-3998-455D-B9FC-4C6698026746}.Release|Any CPU.ActiveCfg = Release|Any CPU
		{712B2C96-3998-455D-B9FC-4C6698026746}.Release|Any CPU.Build.0 = Release|Any CPU
		{712B2C96-3998-455D-B9FC-4C6698026746}.Release|x64.ActiveCfg = Release|Any CPU
		{712B2C96-3998-455D-B9FC-4C6698026746}.Release|x64.Build.0 = Release|Any CPU
		{712B2C96-3998-455D-B9FC-4C6698026746}.Release|x86.ActiveCfg = Release|Any CPU
		{712B2C96-3998-455D-B9FC-4C6698026746}.Release|x86.Build.0 = Release|Any CPU
		{2D330589-A9D4-4D56-BFC7-DFCD888C990E}.Debug|Any CPU.ActiveCfg = Debug|Any CPU
		{2D330589-A9D4-4D56-BFC7-DFCD888C990E}.Debug|Any CPU.Build.0 = Debug|Any CPU
		{2D330589-A9D4-4D56-BFC7-DFCD888C990E}.Debug|x64.ActiveCfg = Debug|Any CPU
		{2D330589-A9D4-4D56-BFC7-DFCD888C990E}.Debug|x64.Build.0 = Debug|Any CPU
		{2D330589-A9D4-4D56-BFC7-DFCD888C990E}.Debug|x86.ActiveCfg = Debug|Any CPU
		{2D330589-A9D4-4D56-BFC7-DFCD888C990E}.Debug|x86.Build.0 = Debug|Any CPU
		{2D330589-A9D4-4D56-BFC7-DFCD888C990E}.Release|Any CPU.ActiveCfg = Release|Any CPU
		{2D330589-A9D4-4D56-BFC7-DFCD888C990E}.Release|Any CPU.Build.0 = Release|Any CPU
		{2D330589-A9D4-4D56-BFC7-DFCD888C990E}.Release|x64.ActiveCfg = Release|Any CPU
		{2D330589-A9D4-4D56-BFC7-DFCD888C990E}.Release|x64.Build.0 = Release|Any CPU
		{2D330589-A9D4-4D56-BFC7-DFCD888C990E}.Release|x86.ActiveCfg = Release|Any CPU
		{2D330589-A9D4-4D56-BFC7-DFCD888C990E}.Release|x86.Build.0 = Release|Any CPU
		{F368685D-3C4D-4188-A285-A9C1F1E66C19}.Debug|Any CPU.ActiveCfg = Debug|Any CPU
		{F368685D-3C4D-4188-A285-A9C1F1E66C19}.Debug|Any CPU.Build.0 = Debug|Any CPU
		{F368685D-3C4D-4188-A285-A9C1F1E66C19}.Debug|x64.ActiveCfg = Debug|Any CPU
		{F368685D-3C4D-4188-A285-A9C1F1E66C19}.Debug|x64.Build.0 = Debug|Any CPU
		{F368685D-3C4D-4188-A285-A9C1F1E66C19}.Debug|x86.ActiveCfg = Debug|Any CPU
		{F368685D-3C4D-4188-A285-A9C1F1E66C19}.Debug|x86.Build.0 = Debug|Any CPU
		{F368685D-3C4D-4188-A285-A9C1F1E66C19}.Release|Any CPU.ActiveCfg = Release|Any CPU
		{F368685D-3C4D-4188-A285-A9C1F1E66C19}.Release|Any CPU.Build.0 = Release|Any CPU
		{F368685D-3C4D-4188-A285-A9C1F1E66C19}.Release|x64.ActiveCfg = Release|Any CPU
		{F368685D-3C4D-4188-A285-A9C1F1E66C19}.Release|x64.Build.0 = Release|Any CPU
		{F368685D-3C4D-4188-A285-A9C1F1E66C19}.Release|x86.ActiveCfg = Release|Any CPU
		{F368685D-3C4D-4188-A285-A9C1F1E66C19}.Release|x86.Build.0 = Release|Any CPU
		{47BF1760-D7DD-4034-8951-61D9375DB7F7}.Debug|Any CPU.ActiveCfg = Debug|Any CPU
		{47BF1760-D7DD-4034-8951-61D9375DB7F7}.Debug|Any CPU.Build.0 = Debug|Any CPU
		{47BF1760-D7DD-4034-8951-61D9375DB7F7}.Debug|x64.ActiveCfg = Debug|Any CPU
		{47BF1760-D7DD-4034-8951-61D9375DB7F7}.Debug|x64.Build.0 = Debug|Any CPU
		{47BF1760-D7DD-4034-8951-61D9375DB7F7}.Debug|x86.ActiveCfg = Debug|Any CPU
		{47BF1760-D7DD-4034-8951-61D9375DB7F7}.Debug|x86.Build.0 = Debug|Any CPU
		{47BF1760-D7DD-4034-8951-61D9375DB7F7}.Release|Any CPU.ActiveCfg = Release|Any CPU
		{47BF1760-D7DD-4034-8951-61D9375DB7F7}.Release|Any CPU.Build.0 = Release|Any CPU
		{47BF1760-D7DD-4034-8951-61D9375DB7F7}.Release|x64.ActiveCfg = Release|Any CPU
		{47BF1760-D7DD-4034-8951-61D9375DB7F7}.Release|x64.Build.0 = Release|Any CPU
		{47BF1760-D7DD-4034-8951-61D9375DB7F7}.Release|x86.ActiveCfg = Release|Any CPU
		{47BF1760-D7DD-4034-8951-61D9375DB7F7}.Release|x86.Build.0 = Release|Any CPU
	EndGlobalSection
	GlobalSection(SolutionProperties) = preSolution
		HideSolutionNode = FALSE
	EndGlobalSection
	GlobalSection(NestedProjects) = preSolution
		{15438033-2B80-4BDE-8288-3E390410191C} = {0AB3BF05-4346-4AA6-1389-037BE0695223}
		{CB000002-2B5E-4A9C-8E3B-7D2F6A9B5C91} = {CB000001-2B5E-4A9C-8E3B-7D2F6A9B5C90}
		{CB000003-2B5E-4A9C-8E3B-7D2F6A9B5C92} = {CB000002-2B5E-4A9C-8E3B-7D2F6A9B5C91}
		{CB000004-2B5E-4A9C-8E3B-7D2F6A9B5C93} = {CB000002-2B5E-4A9C-8E3B-7D2F6A9B5C91}
		{CB000005-2B5E-4A9C-8E3B-7D2F6A9B5C94} = {CB000002-2B5E-4A9C-8E3B-7D2F6A9B5C91}
		{CB000006-2B5E-4A9C-8E3B-7D2F6A9B5C95} = {CB000002-2B5E-4A9C-8E3B-7D2F6A9B5C91}
		{CB000007-2B5E-4A9C-8E3B-7D2F6A9B5C96} = {CB000002-2B5E-4A9C-8E3B-7D2F6A9B5C91}
		{CB000008-2B5E-4A9C-8E3B-7D2F6A9B5C97} = {CB000002-2B5E-4A9C-8E3B-7D2F6A9B5C91}
		{CB000009-2B5E-4A9C-8E3B-7D2F6A9B5C98} = {CB000002-2B5E-4A9C-8E3B-7D2F6A9B5C91}
		{CB00000A-2B5E-4A9C-8E3B-7D2F6A9B5C99} = {CB000002-2B5E-4A9C-8E3B-7D2F6A9B5C91}
		{294A0017-1773-4A91-8674-FE88A48FE6CF} = {0AB3BF05-4346-4AA6-1389-037BE0695223}
		{66F3E99C-609F-4040-BB4F-61BD0CCDD6CE} = {08238530-3B36-5341-A3A8-2B27D0FD2D12}
		{73EAABFD-A243-4F67-9E05-5E4F4D07B61F} = {3BC1D7E5-CF70-5C52-846F-FB4285B2B11E}
		{C3F0BAF0-7585-4862-AD5A-811A83479739} = {7DB1EE06-CCC7-59F2-B5EC-28BCFA26DE36}
		{F2C3AE50-23CC-44A5-A1C4-DD47064453D1} = {7DB1EE06-CCC7-59F2-B5EC-28BCFA26DE36}
		{4A011B54-7C6E-44BC-8598-8A1C30683E57} = {7DB1EE06-CCC7-59F2-B5EC-28BCFA26DE36}
		{18FCBEAF-535D-49E3-BA21-EFF0B999C3AD} = {7DB1EE06-CCC7-59F2-B5EC-28BCFA26DE36}
		{59E78CF3-B133-46D4-B796-2F66D245E8E5} = {7DB1EE06-CCC7-59F2-B5EC-28BCFA26DE36}
		{803A2C7F-2530-4C51-86C2-6076FB383131} = {7DB1EE06-CCC7-59F2-B5EC-28BCFA26DE36}
		{8DF91C0B-D676-4D42-B94B-377DA85B2DD7} = {97360FFA-7E23-5179-BCFD-5A6113230AE1}
		{20B7EE3F-2DE9-4996-A703-79AF29BFB392} = {3BC1D7E5-CF70-5C52-846F-FB4285B2B11E}
		{E327125A-6500-49D3-BE99-00105C663F78} = {3BC1D7E5-CF70-5C52-846F-FB4285B2B11E}
		{BC7B27CA-730E-4A4D-8A81-79007A6F2ECC} = {016295AC-E784-502C-88E6-4C51BDF52D82}
		{D21D0A59-96E0-4F02-B9C1-798DBD30D198} = {3BC1D7E5-CF70-5C52-846F-FB4285B2B11E}
		{E674236A-5BC6-43D8-AE0B-5A8A2DD256DE} = {016295AC-E784-502C-88E6-4C51BDF52D82}
		{3150FC3A-6FD0-499D-BB8E-87B161492D23} = {97360FFA-7E23-5179-BCFD-5A6113230AE1}
		{3CDF97DC-7F97-4B6B-8469-25A0D19A1BCF} = {3BC1D7E5-CF70-5C52-846F-FB4285B2B11E}
		{DF677F7A-C581-482C-BB8E-5B2200444BC0} = {3BC1D7E5-CF70-5C52-846F-FB4285B2B11E}
		{16D7CCC2-B72C-44F8-BDDE-76E3E12D34CC} = {09C114CB-4622-55AA-9B16-6E0701963DB6}
		{E0F1CCCB-55DC-411A-93A2-B33B562E4605} = {09C114CB-4622-55AA-9B16-6E0701963DB6}
		{6D593A04-1B57-470B-BE67-F9F3CDDD0B80} = {09C114CB-4622-55AA-9B16-6E0701963DB6}
		{CBC3383D-2BB1-4BE4-88B4-D26B6CA7D8A4} = {016295AC-E784-502C-88E6-4C51BDF52D82}
		{DA6ED6FF-D80E-4D01-8DA8-6B2FA03DA917} = {3BC1D7E5-CF70-5C52-846F-FB4285B2B11E}
		{854EDB99-6D7A-41B3-99AA-83982CCC5701} = {3BC1D7E5-CF70-5C52-846F-FB4285B2B11E}
		{A2B43F6A-1E45-492F-8320-10EF52CC0553} = {8721805D-4765-5689-986E-C412FC2F73C7}
		{042F7094-14D6-4867-BBEA-99E0C05EE1E7} = {8721805D-4765-5689-986E-C412FC2F73C7}
		{86A1A9A8-0F48-414F-9322-62B8F844080F} = {8721805D-4765-5689-986E-C412FC2F73C7}
		{C7D32164-21D6-4564-8595-397301526FED} = {8721805D-4765-5689-986E-C412FC2F73C7}
		{B599B458-3FB0-4A55-B99C-E23984E98A7D} = {8721805D-4765-5689-986E-C412FC2F73C7}
		{CB15B0D2-30BD-4008-BB60-32F9A8FBD150} = {8721805D-4765-5689-986E-C412FC2F73C7}
		{B7E183D5-68D9-4914-A3C9-F5F584DC3B7C} = {8721805D-4765-5689-986E-C412FC2F73C7}
		{DCC78A67-7090-47A1-B141-BBAE99C239AC} = {8721805D-4765-5689-986E-C412FC2F73C7}
		{CEFD1718-B2D8-4B8C-8B07-01FFD3C1E22C} = {8721805D-4765-5689-986E-C412FC2F73C7}
		{F0F6E13D-B20C-48D5-9DAD-4A3BCBC8F7BA} = {8721805D-4765-5689-986E-C412FC2F73C7}
		{712B2C96-3998-455D-B9FC-4C6698026746} = {8721805D-4765-5689-986E-C412FC2F73C7}
		{2D330589-A9D4-4D56-BFC7-DFCD888C990E} = {8721805D-4765-5689-986E-C412FC2F73C7}
		{F368685D-3C4D-4188-A285-A9C1F1E66C19} = {97360FFA-7E23-5179-BCFD-5A6113230AE1}
		{47BF1760-D7DD-4034-8951-61D9375DB7F7} = {016295AC-E784-502C-88E6-4C51BDF52D82}
		{08238530-3B36-5341-A3A8-2B27D0FD2D12} = {3FAED5B6-118E-59CF-B5AF-84434BA53226}
		{7DB1EE06-CCC7-59F2-B5EC-28BCFA26DE36} = {41DC3D1A-BEF0-52D5-BF08-70125C48B782}
		{016295AC-E784-502C-88E6-4C51BDF52D82} = {41DC3D1A-BEF0-52D5-BF08-70125C48B782}
		{09C114CB-4622-55AA-9B16-6E0701963DB6} = {41DC3D1A-BEF0-52D5-BF08-70125C48B782}
		{97360FFA-7E23-5179-BCFD-5A6113230AE1} = {41DC3D1A-BEF0-52D5-BF08-70125C48B782}
		{8721805D-4765-5689-986E-C412FC2F73C7} = {41DC3D1A-BEF0-52D5-BF08-70125C48B782}
		{3BC1D7E5-CF70-5C52-846F-FB4285B2B11E} = {41DC3D1A-BEF0-52D5-BF08-70125C48B782}
	EndGlobalSection
	GlobalSection(ExtensibilityGlobals) = postSolution
		SolutionGuid = {A51F8696-DE6F-4CD4-A322-B6160056E9E5}
	EndGlobalSection
EndGlobal
