
Microsoft Visual Studio Solution File, Format Version 12.00
# Visual Studio Version 17
VisualStudioVersion = 17.0.31903.59
MinimumVisualStudioVersion = 10.0.40219.1
Project("{2150E333-8FDC-42A3-9474-1A3956D46DE8}") = "src", "src", "{827E0CD3-B72D-47B6-A68D-7590B98EB39B}"
EndProject
Project("{FAE04EC0-301F-11D3-BF4B-00C04F79EFBC}") = "TradingTerminal.Core", "src\TradingTerminal.Core\TradingTerminal.Core.csproj", "{795601C8-A02E-4490-B870-49BB04D3901B}"
EndProject
Project("{FAE04EC0-301F-11D3-BF4B-00C04F79EFBC}") = "TradingTerminal.Infrastructure", "src\TradingTerminal.Infrastructure\TradingTerminal.Infrastructure.csproj", "{A8645663-8D3B-4873-96CA-09C6A6DC9F62}"
EndProject
Project("{FAE04EC0-301F-11D3-BF4B-00C04F79EFBC}") = "TradingTerminal.UI", "src\TradingTerminal.UI\TradingTerminal.UI.csproj", "{1377B518-6284-4CCA-8C9A-0A8A504DC8FB}"
EndProject
Project("{FAE04EC0-301F-11D3-BF4B-00C04F79EFBC}") = "TradingTerminal.App", "src\TradingTerminal.App\TradingTerminal.App.csproj", "{D2671FBF-0252-4F0B-A58D-052CB4040690}"
EndProject
Project("{2150E333-8FDC-42A3-9474-1A3956D46DE8}") = "tests", "tests", "{0AB3BF05-4346-4AA6-1389-037BE0695223}"
EndProject
Project("{FAE04EC0-301F-11D3-BF4B-00C04F79EFBC}") = "TradingTerminal.Tests", "tests\TradingTerminal.Tests\TradingTerminal.Tests.csproj", "{15438033-2B80-4BDE-8288-3E390410191C}"
EndProject
Project("{FAE04EC0-301F-11D3-BF4B-00C04F79EFBC}") = "TradingTerminal.Strategies.Rsi", "src\TradingTerminal.Strategies.Rsi\TradingTerminal.Strategies.Rsi.csproj", "{391CAA81-97D9-48AF-A455-22C15E142FA6}"
EndProject
Project("{FAE04EC0-301F-11D3-BF4B-00C04F79EFBC}") = "TradingTerminal.Strategies.CumulativeDelta", "src\TradingTerminal.Strategies.CumulativeDelta\TradingTerminal.Strategies.CumulativeDelta.csproj", "{B7C5E4D2-8A11-4F32-9C4E-3F2A5B8D9E10}"
EndProject
Project("{FAE04EC0-301F-11D3-BF4B-00C04F79EFBC}") = "TradingTerminal.Backtest.Cli", "src\TradingTerminal.Backtest.Cli\TradingTerminal.Backtest.Cli.csproj", "{C9A3D7F2-1B5E-4A9C-8E3B-7D2F6A9B5C84}"
EndProject
Global
	GlobalSection(SolutionConfigurationPlatforms) = preSolution
		Debug|Any CPU = Debug|Any CPU
		Debug|x64 = Debug|x64
		Debug|x86 = Debug|x86
		Release|Any CPU = Release|Any CPU
		Release|x64 = Release|x64
		Release|x86 = Release|x86
	EndGlobalSection
	GlobalSection(ProjectConfigurationPlatforms) = postSolution
		{795601C8-A02E-4490-B870-49BB04D3901B}.Debug|Any CPU.ActiveCfg = Debug|Any CPU
		{795601C8-A02E-4490-B870-49BB04D3901B}.Debug|Any CPU.Build.0 = Debug|Any CPU
		{795601C8-A02E-4490-B870-49BB04D3901B}.Debug|x64.ActiveCfg = Debug|Any CPU
		{795601C8-A02E-4490-B870-49BB04D3901B}.Debug|x64.Build.0 = Debug|Any CPU
		{795601C8-A02E-4490-B870-49BB04D3901B}.Debug|x86.ActiveCfg = Debug|Any CPU
		{795601C8-A02E-4490-B870-49BB04D3901B}.Debug|x86.Build.0 = Debug|Any CPU
		{795601C8-A02E-4490-B870-49BB04D3901B}.Release|Any CPU.ActiveCfg = Release|Any CPU
		{795601C8-A02E-4490-B870-49BB04D3901B}.Release|Any CPU.Build.0 = Release|Any CPU
		{795601C8-A02E-4490-B870-49BB04D3901B}.Release|x64.ActiveCfg = Release|Any CPU
		{795601C8-A02E-4490-B870-49BB04D3901B}.Release|x64.Build.0 = Release|Any CPU
		{795601C8-A02E-4490-B870-49BB04D3901B}.Release|x86.ActiveCfg = Release|Any CPU
		{795601C8-A02E-4490-B870-49BB04D3901B}.Release|x86.Build.0 = Release|Any CPU
		{A8645663-8D3B-4873-96CA-09C6A6DC9F62}.Debug|Any CPU.ActiveCfg = Debug|Any CPU
		{A8645663-8D3B-4873-96CA-09C6A6DC9F62}.Debug|Any CPU.Build.0 = Debug|Any CPU
		{A8645663-8D3B-4873-96CA-09C6A6DC9F62}.Debug|x64.ActiveCfg = Debug|Any CPU
		{A8645663-8D3B-4873-96CA-09C6A6DC9F62}.Debug|x64.Build.0 = Debug|Any CPU
		{A8645663-8D3B-4873-96CA-09C6A6DC9F62}.Debug|x86.ActiveCfg = Debug|Any CPU
		{A8645663-8D3B-4873-96CA-09C6A6DC9F62}.Debug|x86.Build.0 = Debug|Any CPU
		{A8645663-8D3B-4873-96CA-09C6A6DC9F62}.Release|Any CPU.ActiveCfg = Release|Any CPU
		{A8645663-8D3B-4873-96CA-09C6A6DC9F62}.Release|Any CPU.Build.0 = Release|Any CPU
		{A8645663-8D3B-4873-96CA-09C6A6DC9F62}.Release|x64.ActiveCfg = Release|Any CPU
		{A8645663-8D3B-4873-96CA-09C6A6DC9F62}.Release|x64.Build.0 = Release|Any CPU
		{A8645663-8D3B-4873-96CA-09C6A6DC9F62}.Release|x86.ActiveCfg = Release|Any CPU
		{A8645663-8D3B-4873-96CA-09C6A6DC9F62}.Release|x86.Build.0 = Release|Any CPU
		{1377B518-6284-4CCA-8C9A-0A8A504DC8FB}.Debug|Any CPU.ActiveCfg = Debug|Any CPU
		{1377B518-6284-4CCA-8C9A-0A8A504DC8FB}.Debug|Any CPU.Build.0 = Debug|Any CPU
		{1377B518-6284-4CCA-8C9A-0A8A504DC8FB}.Debug|x64.ActiveCfg = Debug|Any CPU
		{1377B518-6284-4CCA-8C9A-0A8A504DC8FB}.Debug|x64.Build.0 = Debug|Any CPU
		{1377B518-6284-4CCA-8C9A-0A8A504DC8FB}.Debug|x86.ActiveCfg = Debug|Any CPU
		{1377B518-6284-4CCA-8C9A-0A8A504DC8FB}.Debug|x86.Build.0 = Debug|Any CPU
		{1377B518-6284-4CCA-8C9A-0A8A504DC8FB}.Release|Any CPU.ActiveCfg = Release|Any CPU
		{1377B518-6284-4CCA-8C9A-0A8A504DC8FB}.Release|Any CPU.Build.0 = Release|Any CPU
		{1377B518-6284-4CCA-8C9A-0A8A504DC8FB}.Release|x64.ActiveCfg = Release|Any CPU
		{1377B518-6284-4CCA-8C9A-0A8A504DC8FB}.Release|x64.Build.0 = Release|Any CPU
		{1377B518-6284-4CCA-8C9A-0A8A504DC8FB}.Release|x86.ActiveCfg = Release|Any CPU
		{1377B518-6284-4CCA-8C9A-0A8A504DC8FB}.Release|x86.Build.0 = Release|Any CPU
		{D2671FBF-0252-4F0B-A58D-052CB4040690}.Debug|Any CPU.ActiveCfg = Debug|Any CPU
		{D2671FBF-0252-4F0B-A58D-052CB4040690}.Debug|Any CPU.Build.0 = Debug|Any CPU
		{D2671FBF-0252-4F0B-A58D-052CB4040690}.Debug|x64.ActiveCfg = Debug|Any CPU
		{D2671FBF-0252-4F0B-A58D-052CB4040690}.Debug|x64.Build.0 = Debug|Any CPU
		{D2671FBF-0252-4F0B-A58D-052CB4040690}.Debug|x86.ActiveCfg = Debug|Any CPU
		{D2671FBF-0252-4F0B-A58D-052CB4040690}.Debug|x86.Build.0 = Debug|Any CPU
		{D2671FBF-0252-4F0B-A58D-052CB4040690}.Release|Any CPU.ActiveCfg = Release|Any CPU
		{D2671FBF-0252-4F0B-A58D-052CB4040690}.Release|Any CPU.Build.0 = Release|Any CPU
		{D2671FBF-0252-4F0B-A58D-052CB4040690}.Release|x64.ActiveCfg = Release|Any CPU
		{D2671FBF-0252-4F0B-A58D-052CB4040690}.Release|x64.Build.0 = Release|Any CPU
		{D2671FBF-0252-4F0B-A58D-052CB4040690}.Release|x86.ActiveCfg = Release|Any CPU
		{D2671FBF-0252-4F0B-A58D-052CB4040690}.Release|x86.Build.0 = Release|Any CPU
		{15438033-2B80-4BDE-8288-3E390410191C}.Debug|Any CPU.ActiveCfg = Debug|Any CPU
		{15438033-2B80-4BDE-8288-3E390410191C}.Debug|Any CPU.Build.0 = Debug|Any CPU
		{15438033-2B80-4BDE-8288-3E390410191C}.Debug|x64.ActiveCfg = Debug|Any CPU
		{15438033-2B80-4BDE-8288-3E390410191C}.Debug|x64.Build.0 = Debug|Any CPU
		{15438033-2B80-4BDE-8288-3E390410191C}.Debug|x86.ActiveCfg = Debug|Any CPU
		{15438033-2B80-4BDE-8288-3E390410191C}.Debug|x86.Build.0 = Debug|Any CPU
		{15438033-2B80-4BDE-8288-3E390410191C}.Release|Any CPU.ActiveCfg = Release|Any CPU
		{15438033-2B80-4BDE-8288-3E390410191C}.Release|Any CPU.Build.0 = Release|Any CPU
		{15438033-2B80-4BDE-8288-3E390410191C}.Release|x64.ActiveCfg = Release|Any CPU
		{15438033-2B80-4BDE-8288-3E390410191C}.Release|x64.Build.0 = Release|Any CPU
		{15438033-2B80-4BDE-8288-3E390410191C}.Release|x86.ActiveCfg = Release|Any CPU
		{15438033-2B80-4BDE-8288-3E390410191C}.Release|x86.Build.0 = Release|Any CPU
		{391CAA81-97D9-48AF-A455-22C15E142FA6}.Debug|Any CPU.ActiveCfg = Debug|Any CPU
		{391CAA81-97D9-48AF-A455-22C15E142FA6}.Debug|Any CPU.Build.0 = Debug|Any CPU
		{391CAA81-97D9-48AF-A455-22C15E142FA6}.Debug|x64.ActiveCfg = Debug|Any CPU
		{391CAA81-97D9-48AF-A455-22C15E142FA6}.Debug|x64.Build.0 = Debug|Any CPU
		{391CAA81-97D9-48AF-A455-22C15E142FA6}.Debug|x86.ActiveCfg = Debug|Any CPU
		{391CAA81-97D9-48AF-A455-22C15E142FA6}.Debug|x86.Build.0 = Debug|Any CPU
		{391CAA81-97D9-48AF-A455-22C15E142FA6}.Release|Any CPU.ActiveCfg = Release|Any CPU
		{391CAA81-97D9-48AF-A455-22C15E142FA6}.Release|Any CPU.Build.0 = Release|Any CPU
		{391CAA81-97D9-48AF-A455-22C15E142FA6}.Release|x64.ActiveCfg = Release|Any CPU
		{391CAA81-97D9-48AF-A455-22C15E142FA6}.Release|x64.Build.0 = Release|Any CPU
		{391CAA81-97D9-48AF-A455-22C15E142FA6}.Release|x86.ActiveCfg = Release|Any CPU
		{391CAA81-97D9-48AF-A455-22C15E142FA6}.Release|x86.Build.0 = Release|Any CPU
		{B7C5E4D2-8A11-4F32-9C4E-3F2A5B8D9E10}.Debug|Any CPU.ActiveCfg = Debug|Any CPU
		{B7C5E4D2-8A11-4F32-9C4E-3F2A5B8D9E10}.Debug|Any CPU.Build.0 = Debug|Any CPU
		{B7C5E4D2-8A11-4F32-9C4E-3F2A5B8D9E10}.Debug|x64.ActiveCfg = Debug|Any CPU
		{B7C5E4D2-8A11-4F32-9C4E-3F2A5B8D9E10}.Debug|x64.Build.0 = Debug|Any CPU
		{B7C5E4D2-8A11-4F32-9C4E-3F2A5B8D9E10}.Debug|x86.ActiveCfg = Debug|Any CPU
		{B7C5E4D2-8A11-4F32-9C4E-3F2A5B8D9E10}.Debug|x86.Build.0 = Debug|Any CPU
		{B7C5E4D2-8A11-4F32-9C4E-3F2A5B8D9E10}.Release|Any CPU.ActiveCfg = Release|Any CPU
		{B7C5E4D2-8A11-4F32-9C4E-3F2A5B8D9E10}.Release|Any CPU.Build.0 = Release|Any CPU
		{B7C5E4D2-8A11-4F32-9C4E-3F2A5B8D9E10}.Release|x64.ActiveCfg = Release|Any CPU
		{B7C5E4D2-8A11-4F32-9C4E-3F2A5B8D9E10}.Release|x64.Build.0 = Release|Any CPU
		{B7C5E4D2-8A11-4F32-9C4E-3F2A5B8D9E10}.Release|x86.ActiveCfg = Release|Any CPU
		{B7C5E4D2-8A11-4F32-9C4E-3F2A5B8D9E10}.Release|x86.Build.0 = Release|Any CPU
		{C9A3D7F2-1B5E-4A9C-8E3B-7D2F6A9B5C84}.Debug|Any CPU.ActiveCfg = Debug|Any CPU
		{C9A3D7F2-1B5E-4A9C-8E3B-7D2F6A9B5C84}.Debug|Any CPU.Build.0 = Debug|Any CPU
		{C9A3D7F2-1B5E-4A9C-8E3B-7D2F6A9B5C84}.Debug|x64.ActiveCfg = Debug|Any CPU
		{C9A3D7F2-1B5E-4A9C-8E3B-7D2F6A9B5C84}.Debug|x64.Build.0 = Debug|Any CPU
		{C9A3D7F2-1B5E-4A9C-8E3B-7D2F6A9B5C84}.Debug|x86.ActiveCfg = Debug|Any CPU
		{C9A3D7F2-1B5E-4A9C-8E3B-7D2F6A9B5C84}.Debug|x86.Build.0 = Debug|Any CPU
		{C9A3D7F2-1B5E-4A9C-8E3B-7D2F6A9B5C84}.Release|Any CPU.ActiveCfg = Release|Any CPU
		{C9A3D7F2-1B5E-4A9C-8E3B-7D2F6A9B5C84}.Release|Any CPU.Build.0 = Release|Any CPU
		{C9A3D7F2-1B5E-4A9C-8E3B-7D2F6A9B5C84}.Release|x64.ActiveCfg = Release|Any CPU
		{C9A3D7F2-1B5E-4A9C-8E3B-7D2F6A9B5C84}.Release|x64.Build.0 = Release|Any CPU
		{C9A3D7F2-1B5E-4A9C-8E3B-7D2F6A9B5C84}.Release|x86.ActiveCfg = Release|Any CPU
		{C9A3D7F2-1B5E-4A9C-8E3B-7D2F6A9B5C84}.Release|x86.Build.0 = Release|Any CPU
	EndGlobalSection
	GlobalSection(SolutionProperties) = preSolution
		HideSolutionNode = FALSE
	EndGlobalSection
	GlobalSection(NestedProjects) = preSolution
		{795601C8-A02E-4490-B870-49BB04D3901B} = {827E0CD3-B72D-47B6-A68D-7590B98EB39B}
		{A8645663-8D3B-4873-96CA-09C6A6DC9F62} = {827E0CD3-B72D-47B6-A68D-7590B98EB39B}
		{1377B518-6284-4CCA-8C9A-0A8A504DC8FB} = {827E0CD3-B72D-47B6-A68D-7590B98EB39B}
		{D2671FBF-0252-4F0B-A58D-052CB4040690} = {827E0CD3-B72D-47B6-A68D-7590B98EB39B}
		{15438033-2B80-4BDE-8288-3E390410191C} = {0AB3BF05-4346-4AA6-1389-037BE0695223}
		{391CAA81-97D9-48AF-A455-22C15E142FA6} = {827E0CD3-B72D-47B6-A68D-7590B98EB39B}
		{B7C5E4D2-8A11-4F32-9C4E-3F2A5B8D9E10} = {827E0CD3-B72D-47B6-A68D-7590B98EB39B}
		{C9A3D7F2-1B5E-4A9C-8E3B-7D2F6A9B5C84} = {827E0CD3-B72D-47B6-A68D-7590B98EB39B}
	EndGlobalSection
EndGlobal
