
Microsoft Visual Studio Solution File, Format Version 12.00
# Visual Studio Version 17
VisualStudioVersion = 17.0.31903.59
MinimumVisualStudioVersion = 10.0.40219.1
Project("{2150E333-8FDC-42A3-9474-1A3956D46DE8}") = "src", "src", "{827E0CD3-B72D-47B6-A68D-7590B98EB39B}"
EndProject
Project("{FAE04EC0-301F-11D3-BF4B-00C04F79EFBC}") = "TradingTerminal.Core", "src\TradingTerminal.Core\TradingTerminal.Core.csproj", "{795601C8-A02E-4490-B870-49BB04D3901B}"
EndProject
Project("{FAE04EC0-301F-11D3-BF4B-00C04F79EFBC}") = "TradingTerminal.Infrastructure", "src\TradingTerminal.Infrastructure\TradingTerminal.Infrastructure.csproj", "{A8645663-8D3B-4873-96CA-09C6A6DC9F62}"
EndProject
Project("{FAE04EC0-301F-11D3-BF4B-00C04F79EFBC}") = "TradingTerminal.UI", "src\TradingTerminal.UI\TradingTerminal.UI.csproj", "{1377B518-6284-4CCA-8C9A-0A8A504DC8FB}"
EndProject
Project("{FAE04EC0-301F-11D3-BF4B-00C04F79EFBC}") = "TradingTerminal.App", "src\TradingTerminal.App\TradingTerminal.App.csproj", "{D2671FBF-0252-4F0B-A58D-052CB4040690}"
EndProject
Project("{2150E333-8FDC-42A3-9474-1A3956D46DE8}") = "tests", "tests", "{0AB3BF05-4346-4AA6-1389-037BE0695223}"
EndProject
Project("{FAE04EC0-301F-11D3-BF4B-00C04F79EFBC}") = "TradingTerminal.Tests", "tests\TradingTerminal.Tests\TradingTerminal.Tests.csproj", "{15438033-2B80-4BDE-8288-3E390410191C}"
EndProject
Project("{FAE04EC0-301F-11D3-BF4B-00C04F79EFBC}") = "TradingTerminal.Strategies.CumulativeDelta", "src\TradingTerminal.Strategies.CumulativeDelta\TradingTerminal.Strategies.CumulativeDelta.csproj", "{B7C5E4D2-8A11-4F32-9C4E-3F2A5B8D9E10}"
EndProject
Project("{FAE04EC0-301F-11D3-BF4B-00C04F79EFBC}") = "TradingTerminal.Backtest.Cli", "src\TradingTerminal.Backtest.Cli\TradingTerminal.Backtest.Cli.csproj", "{C9A3D7F2-1B5E-4A9C-8E3B-7D2F6A9B5C84}"
EndProject
Project("{FAE04EC0-301F-11D3-BF4B-00C04F79EFBC}") = "TradingTerminal.Strategies.OrnsteinUhlenbeck", "src\TradingTerminal.Strategies.OrnsteinUhlenbeck\TradingTerminal.Strategies.OrnsteinUhlenbeck.csproj", "{D986FA2F-1BDC-421E-9A17-80DBD5CC978A}"
EndProject
Project("{FAE04EC0-301F-11D3-BF4B-00C04F79EFBC}") = "TradingTerminal.Strategies.AvellanedaStoikov", "src\TradingTerminal.Strategies.AvellanedaStoikov\TradingTerminal.Strategies.AvellanedaStoikov.csproj", "{F9238E29-CFF9-4905-94FC-FF756AD6F062}"
EndProject
Project("{FAE04EC0-301F-11D3-BF4B-00C04F79EFBC}") = "TradingTerminal.Strategies.VolatilityTargeted", "src\TradingTerminal.Strategies.VolatilityTargeted\TradingTerminal.Strategies.VolatilityTargeted.csproj", "{D6B460A0-A5A3-4E71-AB03-3ABAFC3D401C}"
EndProject
Project("{FAE04EC0-301F-11D3-BF4B-00C04F79EFBC}") = "TradingTerminal.Strategies.PullbackContinuation", "src\TradingTerminal.Strategies.PullbackContinuation\TradingTerminal.Strategies.PullbackContinuation.csproj", "{1BDEB9F3-F675-4A22-8AE4-604CCD79A23B}"
EndProject
Project("{FAE04EC0-301F-11D3-BF4B-00C04F79EFBC}") = "TradingTerminal.Strategies.BookPressure", "src\TradingTerminal.Strategies.BookPressure\TradingTerminal.Strategies.BookPressure.csproj", "{92F518D0-6699-4F21-80D9-572C85317E23}"
EndProject
Project("{FAE04EC0-301F-11D3-BF4B-00C04F79EFBC}") = "TradingTerminal.Strategies.LiquiditySweep", "src\TradingTerminal.Strategies.LiquiditySweep\TradingTerminal.Strategies.LiquiditySweep.csproj", "{2EECD3BB-1D2C-4477-98B1-970DFD840EDC}"
EndProject
Project("{FAE04EC0-301F-11D3-BF4B-00C04F79EFBC}") = "TradingTerminal.Strategies.IcebergDetection", "src\TradingTerminal.Strategies.IcebergDetection\TradingTerminal.Strategies.IcebergDetection.csproj", "{B09EB89B-261B-4568-B3B1-B44A9CC81A2C}"
EndProject
Project("{FAE04EC0-301F-11D3-BF4B-00C04F79EFBC}") = "TradingTerminal.Strategies.OrderFlowToxicity", "src\TradingTerminal.Strategies.OrderFlowToxicity\TradingTerminal.Strategies.OrderFlowToxicity.csproj", "{D49FFE1A-8C0E-4044-BDE9-13D22D39929C}"
EndProject
Project("{FAE04EC0-301F-11D3-BF4B-00C04F79EFBC}") = "TradingTerminal.Strategies.ThinBookFilter", "src\TradingTerminal.Strategies.ThinBookFilter\TradingTerminal.Strategies.ThinBookFilter.csproj", "{5633D2C4-0614-4574-AA65-985E5FF8285D}"
EndProject
Project("{FAE04EC0-301F-11D3-BF4B-00C04F79EFBC}") = "TradingTerminal.Strategies.OnlineRegressionAlpha", "src\TradingTerminal.Strategies.OnlineRegressionAlpha\TradingTerminal.Strategies.OnlineRegressionAlpha.csproj", "{6F98C76E-8A0C-4525-9879-CADCEA96300C}"
EndProject
Project("{2150E333-8FDC-42A3-9474-1A3956D46DE8}") = "tools", "tools", "{CB000001-2B5E-4A9C-8E3B-7D2F6A9B5C90}"
EndProject
Project("{2150E333-8FDC-42A3-9474-1A3956D46DE8}") = "cpp-backtester", "cpp-backtester", "{CB000002-2B5E-4A9C-8E3B-7D2F6A9B5C91}"
	ProjectSection(SolutionItems) = preProject
		tools\cpp-backtester\.gitattributes = tools\cpp-backtester\.gitattributes
		tools\cpp-backtester\CMakeLists.txt = tools\cpp-backtester\CMakeLists.txt
		tools\cpp-backtester\LICENSE = tools\cpp-backtester\LICENSE
		tools\cpp-backtester\README.md = tools\cpp-backtester\README.md
	EndProjectSection
EndProject
Project("{2150E333-8FDC-42A3-9474-1A3956D46DE8}") = "app", "app", "{CB000003-2B5E-4A9C-8E3B-7D2F6A9B5C92}"
	ProjectSection(SolutionItems) = preProject
		tools\cpp-backtester\app\backtest_json.cpp = tools\cpp-backtester\app\backtest_json.cpp
		tools\cpp-backtester\app\backtest_runner.cpp = tools\cpp-backtester\app\backtest_runner.cpp
		tools\cpp-backtester\app\benchmark.cpp = tools\cpp-backtester\app\benchmark.cpp
		tools\cpp-backtester\app\data_fetcher.cpp = tools\cpp-backtester\app\data_fetcher.cpp
	EndProjectSection
EndProject
Project("{2150E333-8FDC-42A3-9474-1A3956D46DE8}") = "core", "core", "{CB000004-2B5E-4A9C-8E3B-7D2F6A9B5C93}"
	ProjectSection(SolutionItems) = preProject
		tools\cpp-backtester\core\event_engine.cpp = tools\cpp-backtester\core\event_engine.cpp
		tools\cpp-backtester\core\event_engine.h = tools\cpp-backtester\core\event_engine.h
		tools\cpp-backtester\core\market_data.cpp = tools\cpp-backtester\core\market_data.cpp
		tools\cpp-backtester\core\market_data.h = tools\cpp-backtester\core\market_data.h
		tools\cpp-backtester\core\order_manager.cpp = tools\cpp-backtester\core\order_manager.cpp
		tools\cpp-backtester\core\order_manager.h = tools\cpp-backtester\core\order_manager.h
		tools\cpp-backtester\core\portfolio.cpp = tools\cpp-backtester\core\portfolio.cpp
		tools\cpp-backtester\core\portfolio.h = tools\cpp-backtester\core\portfolio.h
	EndProjectSection
EndProject
Project("{2150E333-8FDC-42A3-9474-1A3956D46DE8}") = "data", "data", "{CB000005-2B5E-4A9C-8E3B-7D2F6A9B5C94}"
	ProjectSection(SolutionItems) = preProject
		tools\cpp-backtester\data\csv_loader.cpp = tools\cpp-backtester\data\csv_loader.cpp
		tools\cpp-backtester\data\csv_loader.h = tools\cpp-backtester\data\csv_loader.h
		tools\cpp-backtester\data\parquet_loader.cpp = tools\cpp-backtester\data\parquet_loader.cpp
		tools\cpp-backtester\data\parquet_loader.h = tools\cpp-backtester\data\parquet_loader.h
	EndProjectSection
EndProject
Project("{2150E333-8FDC-42A3-9474-1A3956D46DE8}") = "execution", "execution", "{CB000006-2B5E-4A9C-8E3B-7D2F6A9B5C95}"
	ProjectSection(SolutionItems) = preProject
		tools\cpp-backtester\execution\execution_simulator.cpp = tools\cpp-backtester\execution\execution_simulator.cpp
		tools\cpp-backtester\execution\execution_simulator.h = tools\cpp-backtester\execution\execution_simulator.h
	EndProjectSection
EndProject
Project("{2150E333-8FDC-42A3-9474-1A3956D46DE8}") = "include", "include", "{CB000007-2B5E-4A9C-8E3B-7D2F6A9B5C96}"
	ProjectSection(SolutionItems) = preProject
		tools\cpp-backtester\include\ring_buffer.h = tools\cpp-backtester\include\ring_buffer.h
		tools\cpp-backtester\include\types.h = tools\cpp-backtester\include\types.h
	EndProjectSection
EndProject
Project("{2150E333-8FDC-42A3-9474-1A3956D46DE8}") = "metrics", "metrics", "{CB000008-2B5E-4A9C-8E3B-7D2F6A9B5C97}"
	ProjectSection(SolutionItems) = preProject
		tools\cpp-backtester\metrics\performance_metrics.cpp = tools\cpp-backtester\metrics\performance_metrics.cpp
		tools\cpp-backtester\metrics\performance_metrics.h = tools\cpp-backtester\metrics\performance_metrics.h
	EndProjectSection
EndProject
Project("{2150E333-8FDC-42A3-9474-1A3956D46DE8}") = "strategy", "strategy", "{CB000009-2B5E-4A9C-8E3B-7D2F6A9B5C98}"
	ProjectSection(SolutionItems) = preProject
		tools\cpp-backtester\strategy\mean_reversion.cpp = tools\cpp-backtester\strategy\mean_reversion.cpp
		tools\cpp-backtester\strategy\mean_reversion.h = tools\cpp-backtester\strategy\mean_reversion.h
		tools\cpp-backtester\strategy\strategy.h = tools\cpp-backtester\strategy\strategy.h
	EndProjectSection
EndProject
Project("{2150E333-8FDC-42A3-9474-1A3956D46DE8}") = "tests", "tests", "{CB00000A-2B5E-4A9C-8E3B-7D2F6A9B5C99}"
	ProjectSection(SolutionItems) = preProject
		tools\cpp-backtester\tests\CMakeLists.txt = tools\cpp-backtester\tests\CMakeLists.txt
		tools\cpp-backtester\tests\test_event_engine.cpp = tools\cpp-backtester\tests\test_event_engine.cpp
		tools\cpp-backtester\tests\test_order_manager.cpp = tools\cpp-backtester\tests\test_order_manager.cpp
		tools\cpp-backtester\tests\test_portfolio.cpp = tools\cpp-backtester\tests\test_portfolio.cpp
		tools\cpp-backtester\tests\test_tick_buffer.cpp = tools\cpp-backtester\tests\test_tick_buffer.cpp
	EndProjectSection
EndProject
Project("{FAE04EC0-301F-11D3-BF4B-00C04F79EFBC}") = "TradingTerminal.Strategies.ApexScalper", "src\TradingTerminal.Strategies.ApexScalper\TradingTerminal.Strategies.ApexScalper.csproj", "{F5B1475F-94D8-4AD2-9C21-EB5DBCFDA414}"
EndProject
Project("{FAE04EC0-301F-11D3-BF4B-00C04F79EFBC}") = "TradingTerminal.Strategies.OrderFlowCube", "src\TradingTerminal.Strategies.OrderFlowCube\TradingTerminal.Strategies.OrderFlowCube.csproj", "{7F0DC766-2D5E-4A61-AB18-6E92527F5589}"
EndProject
Project("{FAE04EC0-301F-11D3-BF4B-00C04F79EFBC}") = "TradingTerminal.Strategies.OrderFlowSurfaceSpike", "src\TradingTerminal.Strategies.OrderFlowSurfaceSpike\TradingTerminal.Strategies.OrderFlowSurfaceSpike.csproj", "{57D32918-480B-4473-A038-04EC82B4BA42}"
EndProject
Project("{FAE04EC0-301F-11D3-BF4B-00C04F79EFBC}") = "TradingTerminal.Strategies.ImbalanceHeatFront", "src\TradingTerminal.Strategies.ImbalanceHeatFront\TradingTerminal.Strategies.ImbalanceHeatFront.csproj", "{06EC5DBB-553C-4082-B4C7-4CD9BA185660}"
EndProject
Project("{FAE04EC0-301F-11D3-BF4B-00C04F79EFBC}") = "TradingTerminal.Strategies.IndexKScoreSurface", "src\TradingTerminal.Strategies.IndexKScoreSurface\TradingTerminal.Strategies.IndexKScoreSurface.csproj", "{FA901220-960C-4B4E-BE6F-60422A4779CC}"
EndProject
Project("{FAE04EC0-301F-11D3-BF4B-00C04F79EFBC}") = "TradingTerminal.Login", "src\TradingTerminal.Login\TradingTerminal.Login.csproj", "{A048615B-8EC9-498D-B3DB-AA0B40A6FA1F}"
EndProject
Project("{FAE04EC0-301F-11D3-BF4B-00C04F79EFBC}") = "TradingTerminal.MarketData", "src\TradingTerminal.MarketData\TradingTerminal.MarketData.csproj", "{4A42F0A0-AA95-4EA0-9A8D-D06B3A5051AD}"
EndProject
Project("{FAE04EC0-301F-11D3-BF4B-00C04F79EFBC}") = "TradingTerminal.Ai", "src\TradingTerminal.Ai\TradingTerminal.Ai.csproj", "{57371A70-E8DB-4E78-8470-8B0F75FB73E6}"
EndProject
Global
	GlobalSection(SolutionConfigurationPlatforms) = preSolution
		Debug|Any CPU = Debug|Any CPU
		Debug|x64 = Debug|x64
		Debug|x86 = Debug|x86
		Release|Any CPU = Release|Any CPU
		Release|x64 = Release|x64
		Release|x86 = Release|x86
	EndGlobalSection
	GlobalSection(ProjectConfigurationPlatforms) = postSolution
		{795601C8-A02E-4490-B870-49BB04D3901B}.Debug|Any CPU.ActiveCfg = Debug|Any CPU
		{795601C8-A02E-4490-B870-49BB04D3901B}.Debug|Any CPU.Build.0 = Debug|Any CPU
		{795601C8-A02E-4490-B870-49BB04D3901B}.Debug|x64.ActiveCfg = Debug|Any CPU
		{795601C8-A02E-4490-B870-49BB04D3901B}.Debug|x64.Build.0 = Debug|Any CPU
		{795601C8-A02E-4490-B870-49BB04D3901B}.Debug|x86.ActiveCfg = Debug|Any CPU
		{795601C8-A02E-4490-B870-49BB04D3901B}.Debug|x86.Build.0 = Debug|Any CPU
		{795601C8-A02E-4490-B870-49BB04D3901B}.Release|Any CPU.ActiveCfg = Release|Any CPU
		{795601C8-A02E-4490-B870-49BB04D3901B}.Release|Any CPU.Build.0 = Release|Any CPU
		{795601C8-A02E-4490-B870-49BB04D3901B}.Release|x64.ActiveCfg = Release|Any CPU
		{795601C8-A02E-4490-B870-49BB04D3901B}.Release|x64.Build.0 = Release|Any CPU
		{795601C8-A02E-4490-B870-49BB04D3901B}.Release|x86.ActiveCfg = Release|Any CPU
		{795601C8-A02E-4490-B870-49BB04D3901B}.Release|x86.Build.0 = Release|Any CPU
		{A8645663-8D3B-4873-96CA-09C6A6DC9F62}.Debug|Any CPU.ActiveCfg = Debug|Any CPU
		{A8645663-8D3B-4873-96CA-09C6A6DC9F62}.Debug|Any CPU.Build.0 = Debug|Any CPU
		{A8645663-8D3B-4873-96CA-09C6A6DC9F62}.Debug|x64.ActiveCfg = Debug|Any CPU
		{A8645663-8D3B-4873-96CA-09C6A6DC9F62}.Debug|x64.Build.0 = Debug|Any CPU
		{A8645663-8D3B-4873-96CA-09C6A6DC9F62}.Debug|x86.ActiveCfg = Debug|Any CPU
		{A8645663-8D3B-4873-96CA-09C6A6DC9F62}.Debug|x86.Build.0 = Debug|Any CPU
		{A8645663-8D3B-4873-96CA-09C6A6DC9F62}.Release|Any CPU.ActiveCfg = Release|Any CPU
		{A8645663-8D3B-4873-96CA-09C6A6DC9F62}.Release|Any CPU.Build.0 = Release|Any CPU
		{A8645663-8D3B-4873-96CA-09C6A6DC9F62}.Release|x64.ActiveCfg = Release|Any CPU
		{A8645663-8D3B-4873-96CA-09C6A6DC9F62}.Release|x64.Build.0 = Release|Any CPU
		{A8645663-8D3B-4873-96CA-09C6A6DC9F62}.Release|x86.ActiveCfg = Release|Any CPU
		{A8645663-8D3B-4873-96CA-09C6A6DC9F62}.Release|x86.Build.0 = Release|Any CPU
		{1377B518-6284-4CCA-8C9A-0A8A504DC8FB}.Debug|Any CPU.ActiveCfg = Debug|Any CPU
		{1377B518-6284-4CCA-8C9A-0A8A504DC8FB}.Debug|Any CPU.Build.0 = Debug|Any CPU
		{1377B518-6284-4CCA-8C9A-0A8A504DC8FB}.Debug|x64.ActiveCfg = Debug|Any CPU
		{1377B518-6284-4CCA-8C9A-0A8A504DC8FB}.Debug|x64.Build.0 = Debug|Any CPU
		{1377B518-6284-4CCA-8C9A-0A8A504DC8FB}.Debug|x86.ActiveCfg = Debug|Any CPU
		{1377B518-6284-4CCA-8C9A-0A8A504DC8FB}.Debug|x86.Build.0 = Debug|Any CPU
		{1377B518-6284-4CCA-8C9A-0A8A504DC8FB}.Release|Any CPU.ActiveCfg = Release|Any CPU
		{1377B518-6284-4CCA-8C9A-0A8A504DC8FB}.Release|Any CPU.Build.0 = Release|Any CPU
		{1377B518-6284-4CCA-8C9A-0A8A504DC8FB}.Release|x64.ActiveCfg = Release|Any CPU
		{1377B518-6284-4CCA-8C9A-0A8A504DC8FB}.Release|x64.Build.0 = Release|Any CPU
		{1377B518-6284-4CCA-8C9A-0A8A504DC8FB}.Release|x86.ActiveCfg = Release|Any CPU
		{1377B518-6284-4CCA-8C9A-0A8A504DC8FB}.Release|x86.Build.0 = Release|Any CPU
		{D2671FBF-0252-4F0B-A58D-052CB4040690}.Debug|Any CPU.ActiveCfg = Debug|Any CPU
		{D2671FBF-0252-4F0B-A58D-052CB4040690}.Debug|Any CPU.Build.0 = Debug|Any CPU
		{D2671FBF-0252-4F0B-A58D-052CB4040690}.Debug|x64.ActiveCfg = Debug|Any CPU
		{D2671FBF-0252-4F0B-A58D-052CB4040690}.Debug|x64.Build.0 = Debug|Any CPU
		{D2671FBF-0252-4F0B-A58D-052CB4040690}.Debug|x86.ActiveCfg = Debug|Any CPU
		{D2671FBF-0252-4F0B-A58D-052CB4040690}.Debug|x86.Build.0 = Debug|Any CPU
		{D2671FBF-0252-4F0B-A58D-052CB4040690}.Release|Any CPU.ActiveCfg = Release|Any CPU
		{D2671FBF-0252-4F0B-A58D-052CB4040690}.Release|Any CPU.Build.0 = Release|Any CPU
		{D2671FBF-0252-4F0B-A58D-052CB4040690}.Release|x64.ActiveCfg = Release|Any CPU
		{D2671FBF-0252-4F0B-A58D-052CB4040690}.Release|x64.Build.0 = Release|Any CPU
		{D2671FBF-0252-4F0B-A58D-052CB4040690}.Release|x86.ActiveCfg = Release|Any CPU
		{D2671FBF-0252-4F0B-A58D-052CB4040690}.Release|x86.Build.0 = Release|Any CPU
		{15438033-2B80-4BDE-8288-3E390410191C}.Debug|Any CPU.ActiveCfg = Debug|Any CPU
		{15438033-2B80-4BDE-8288-3E390410191C}.Debug|Any CPU.Build.0 = Debug|Any CPU
		{15438033-2B80-4BDE-8288-3E390410191C}.Debug|x64.ActiveCfg = Debug|Any CPU
		{15438033-2B80-4BDE-8288-3E390410191C}.Debug|x64.Build.0 = Debug|Any CPU
		{15438033-2B80-4BDE-8288-3E390410191C}.Debug|x86.ActiveCfg = Debug|Any CPU
		{15438033-2B80-4BDE-8288-3E390410191C}.Debug|x86.Build.0 = Debug|Any CPU
		{15438033-2B80-4BDE-8288-3E390410191C}.Release|Any CPU.ActiveCfg = Release|Any CPU
		{15438033-2B80-4BDE-8288-3E390410191C}.Release|Any CPU.Build.0 = Release|Any CPU
		{15438033-2B80-4BDE-8288-3E390410191C}.Release|x64.ActiveCfg = Release|Any CPU
		{15438033-2B80-4BDE-8288-3E390410191C}.Release|x64.Build.0 = Release|Any CPU
		{15438033-2B80-4BDE-8288-3E390410191C}.Release|x86.ActiveCfg = Release|Any CPU
		{15438033-2B80-4BDE-8288-3E390410191C}.Release|x86.Build.0 = Release|Any CPU
		{B7C5E4D2-8A11-4F32-9C4E-3F2A5B8D9E10}.Debug|Any CPU.ActiveCfg = Debug|Any CPU
		{B7C5E4D2-8A11-4F32-9C4E-3F2A5B8D9E10}.Debug|Any CPU.Build.0 = Debug|Any CPU
		{B7C5E4D2-8A11-4F32-9C4E-3F2A5B8D9E10}.Debug|x64.ActiveCfg = Debug|Any CPU
		{B7C5E4D2-8A11-4F32-9C4E-3F2A5B8D9E10}.Debug|x64.Build.0 = Debug|Any CPU
		{B7C5E4D2-8A11-4F32-9C4E-3F2A5B8D9E10}.Debug|x86.ActiveCfg = Debug|Any CPU
		{B7C5E4D2-8A11-4F32-9C4E-3F2A5B8D9E10}.Debug|x86.Build.0 = Debug|Any CPU
		{B7C5E4D2-8A11-4F32-9C4E-3F2A5B8D9E10}.Release|Any CPU.ActiveCfg = Release|Any CPU
		{B7C5E4D2-8A11-4F32-9C4E-3F2A5B8D9E10}.Release|Any CPU.Build.0 = Release|Any CPU
		{B7C5E4D2-8A11-4F32-9C4E-3F2A5B8D9E10}.Release|x64.ActiveCfg = Release|Any CPU
		{B7C5E4D2-8A11-4F32-9C4E-3F2A5B8D9E10}.Release|x64.Build.0 = Release|Any CPU
		{B7C5E4D2-8A11-4F32-9C4E-3F2A5B8D9E10}.Release|x86.ActiveCfg = Release|Any CPU
		{B7C5E4D2-8A11-4F32-9C4E-3F2A5B8D9E10}.Release|x86.Build.0 = Release|Any CPU
		{C9A3D7F2-1B5E-4A9C-8E3B-7D2F6A9B5C84}.Debug|Any CPU.ActiveCfg = Debug|Any CPU
		{C9A3D7F2-1B5E-4A9C-8E3B-7D2F6A9B5C84}.Debug|Any CPU.Build.0 = Debug|Any CPU
		{C9A3D7F2-1B5E-4A9C-8E3B-7D2F6A9B5C84}.Debug|x64.ActiveCfg = Debug|Any CPU
		{C9A3D7F2-1B5E-4A9C-8E3B-7D2F6A9B5C84}.Debug|x64.Build.0 = Debug|Any CPU
		{C9A3D7F2-1B5E-4A9C-8E3B-7D2F6A9B5C84}.Debug|x86.ActiveCfg = Debug|Any CPU
		{C9A3D7F2-1B5E-4A9C-8E3B-7D2F6A9B5C84}.Debug|x86.Build.0 = Debug|Any CPU
		{C9A3D7F2-1B5E-4A9C-8E3B-7D2F6A9B5C84}.Release|Any CPU.ActiveCfg = Release|Any CPU
		{C9A3D7F2-1B5E-4A9C-8E3B-7D2F6A9B5C84}.Release|Any CPU.Build.0 = Release|Any CPU
		{C9A3D7F2-1B5E-4A9C-8E3B-7D2F6A9B5C84}.Release|x64.ActiveCfg = Release|Any CPU
		{C9A3D7F2-1B5E-4A9C-8E3B-7D2F6A9B5C84}.Release|x64.Build.0 = Release|Any CPU
		{C9A3D7F2-1B5E-4A9C-8E3B-7D2F6A9B5C84}.Release|x86.ActiveCfg = Release|Any CPU
		{C9A3D7F2-1B5E-4A9C-8E3B-7D2F6A9B5C84}.Release|x86.Build.0 = Release|Any CPU
		{D986FA2F-1BDC-421E-9A17-80DBD5CC978A}.Debug|Any CPU.ActiveCfg = Debug|Any CPU
		{D986FA2F-1BDC-421E-9A17-80DBD5CC978A}.Debug|Any CPU.Build.0 = Debug|Any CPU
		{D986FA2F-1BDC-421E-9A17-80DBD5CC978A}.Debug|x64.ActiveCfg = Debug|Any CPU
		{D986FA2F-1BDC-421E-9A17-80DBD5CC978A}.Debug|x64.Build.0 = Debug|Any CPU
		{D986FA2F-1BDC-421E-9A17-80DBD5CC978A}.Debug|x86.ActiveCfg = Debug|Any CPU
		{D986FA2F-1BDC-421E-9A17-80DBD5CC978A}.Debug|x86.Build.0 = Debug|Any CPU
		{D986FA2F-1BDC-421E-9A17-80DBD5CC978A}.Release|Any CPU.ActiveCfg = Release|Any CPU
		{D986FA2F-1BDC-421E-9A17-80DBD5CC978A}.Release|Any CPU.Build.0 = Release|Any CPU
		{D986FA2F-1BDC-421E-9A17-80DBD5CC978A}.Release|x64.ActiveCfg = Release|Any CPU
		{D986FA2F-1BDC-421E-9A17-80DBD5CC978A}.Release|x64.Build.0 = Release|Any CPU
		{D986FA2F-1BDC-421E-9A17-80DBD5CC978A}.Release|x86.ActiveCfg = Release|Any CPU
		{D986FA2F-1BDC-421E-9A17-80DBD5CC978A}.Release|x86.Build.0 = Release|Any CPU
		{F9238E29-CFF9-4905-94FC-FF756AD6F062}.Debug|Any CPU.ActiveCfg = Debug|Any CPU
		{F9238E29-CFF9-4905-94FC-FF756AD6F062}.Debug|Any CPU.Build.0 = Debug|Any CPU
		{F9238E29-CFF9-4905-94FC-FF756AD6F062}.Debug|x64.ActiveCfg = Debug|Any CPU
		{F9238E29-CFF9-4905-94FC-FF756AD6F062}.Debug|x64.Build.0 = Debug|Any CPU
		{F9238E29-CFF9-4905-94FC-FF756AD6F062}.Debug|x86.ActiveCfg = Debug|Any CPU
		{F9238E29-CFF9-4905-94FC-FF756AD6F062}.Debug|x86.Build.0 = Debug|Any CPU
		{F9238E29-CFF9-4905-94FC-FF756AD6F062}.Release|Any CPU.ActiveCfg = Release|Any CPU
		{F9238E29-CFF9-4905-94FC-FF756AD6F062}.Release|Any CPU.Build.0 = Release|Any CPU
		{F9238E29-CFF9-4905-94FC-FF756AD6F062}.Release|x64.ActiveCfg = Release|Any CPU
		{F9238E29-CFF9-4905-94FC-FF756AD6F062}.Release|x64.Build.0 = Release|Any CPU
		{F9238E29-CFF9-4905-94FC-FF756AD6F062}.Release|x86.ActiveCfg = Release|Any CPU
		{F9238E29-CFF9-4905-94FC-FF756AD6F062}.Release|x86.Build.0 = Release|Any CPU
		{D6B460A0-A5A3-4E71-AB03-3ABAFC3D401C}.Debug|Any CPU.ActiveCfg = Debug|Any CPU
		{D6B460A0-A5A3-4E71-AB03-3ABAFC3D401C}.Debug|Any CPU.Build.0 = Debug|Any CPU
		{D6B460A0-A5A3-4E71-AB03-3ABAFC3D401C}.Debug|x64.ActiveCfg = Debug|Any CPU
		{D6B460A0-A5A3-4E71-AB03-3ABAFC3D401C}.Debug|x64.Build.0 = Debug|Any CPU
		{D6B460A0-A5A3-4E71-AB03-3ABAFC3D401C}.Debug|x86.ActiveCfg = Debug|Any CPU
		{D6B460A0-A5A3-4E71-AB03-3ABAFC3D401C}.Debug|x86.Build.0 = Debug|Any CPU
		{D6B460A0-A5A3-4E71-AB03-3ABAFC3D401C}.Release|Any CPU.ActiveCfg = Release|Any CPU
		{D6B460A0-A5A3-4E71-AB03-3ABAFC3D401C}.Release|Any CPU.Build.0 = Release|Any CPU
		{D6B460A0-A5A3-4E71-AB03-3ABAFC3D401C}.Release|x64.ActiveCfg = Release|Any CPU
		{D6B460A0-A5A3-4E71-AB03-3ABAFC3D401C}.Release|x64.Build.0 = Release|Any CPU
		{D6B460A0-A5A3-4E71-AB03-3ABAFC3D401C}.Release|x86.ActiveCfg = Release|Any CPU
		{D6B460A0-A5A3-4E71-AB03-3ABAFC3D401C}.Release|x86.Build.0 = Release|Any CPU
		{1BDEB9F3-F675-4A22-8AE4-604CCD79A23B}.Debug|Any CPU.ActiveCfg = Debug|Any CPU
		{1BDEB9F3-F675-4A22-8AE4-604CCD79A23B}.Debug|Any CPU.Build.0 = Debug|Any CPU
		{1BDEB9F3-F675-4A22-8AE4-604CCD79A23B}.Debug|x64.ActiveCfg = Debug|Any CPU
		{1BDEB9F3-F675-4A22-8AE4-604CCD79A23B}.Debug|x64.Build.0 = Debug|Any CPU
		{1BDEB9F3-F675-4A22-8AE4-604CCD79A23B}.Debug|x86.ActiveCfg = Debug|Any CPU
		{1BDEB9F3-F675-4A22-8AE4-604CCD79A23B}.Debug|x86.Build.0 = Debug|Any CPU
		{1BDEB9F3-F675-4A22-8AE4-604CCD79A23B}.Release|Any CPU.ActiveCfg = Release|Any CPU
		{1BDEB9F3-F675-4A22-8AE4-604CCD79A23B}.Release|Any CPU.Build.0 = Release|Any CPU
		{1BDEB9F3-F675-4A22-8AE4-604CCD79A23B}.Release|x64.ActiveCfg = Release|Any CPU
		{1BDEB9F3-F675-4A22-8AE4-604CCD79A23B}.Release|x64.Build.0 = Release|Any CPU
		{1BDEB9F3-F675-4A22-8AE4-604CCD79A23B}.Release|x86.ActiveCfg = Release|Any CPU
		{1BDEB9F3-F675-4A22-8AE4-604CCD79A23B}.Release|x86.Build.0 = Release|Any CPU
		{92F518D0-6699-4F21-80D9-572C85317E23}.Debug|Any CPU.ActiveCfg = Debug|Any CPU
		{92F518D0-6699-4F21-80D9-572C85317E23}.Debug|Any CPU.Build.0 = Debug|Any CPU
		{92F518D0-6699-4F21-80D9-572C85317E23}.Debug|x64.ActiveCfg = Debug|Any CPU
		{92F518D0-6699-4F21-80D9-572C85317E23}.Debug|x64.Build.0 = Debug|Any CPU
		{92F518D0-6699-4F21-80D9-572C85317E23}.Debug|x86.ActiveCfg = Debug|Any CPU
		{92F518D0-6699-4F21-80D9-572C85317E23}.Debug|x86.Build.0 = Debug|Any CPU
		{92F518D0-6699-4F21-80D9-572C85317E23}.Release|Any CPU.ActiveCfg = Release|Any CPU
		{92F518D0-6699-4F21-80D9-572C85317E23}.Release|Any CPU.Build.0 = Release|Any CPU
		{92F518D0-6699-4F21-80D9-572C85317E23}.Release|x64.ActiveCfg = Release|Any CPU
		{92F518D0-6699-4F21-80D9-572C85317E23}.Release|x64.Build.0 = Release|Any CPU
		{92F518D0-6699-4F21-80D9-572C85317E23}.Release|x86.ActiveCfg = Release|Any CPU
		{92F518D0-6699-4F21-80D9-572C85317E23}.Release|x86.Build.0 = Release|Any CPU
		{2EECD3BB-1D2C-4477-98B1-970DFD840EDC}.Debug|Any CPU.ActiveCfg = Debug|Any CPU
		{2EECD3BB-1D2C-4477-98B1-970DFD840EDC}.Debug|Any CPU.Build.0 = Debug|Any CPU
		{2EECD3BB-1D2C-4477-98B1-970DFD840EDC}.Debug|x64.ActiveCfg = Debug|Any CPU
		{2EECD3BB-1D2C-4477-98B1-970DFD840EDC}.Debug|x64.Build.0 = Debug|Any CPU
		{2EECD3BB-1D2C-4477-98B1-970DFD840EDC}.Debug|x86.ActiveCfg = Debug|Any CPU
		{2EECD3BB-1D2C-4477-98B1-970DFD840EDC}.Debug|x86.Build.0 = Debug|Any CPU
		{2EECD3BB-1D2C-4477-98B1-970DFD840EDC}.Release|Any CPU.ActiveCfg = Release|Any CPU
		{2EECD3BB-1D2C-4477-98B1-970DFD840EDC}.Release|Any CPU.Build.0 = Release|Any CPU
		{2EECD3BB-1D2C-4477-98B1-970DFD840EDC}.Release|x64.ActiveCfg = Release|Any CPU
		{2EECD3BB-1D2C-4477-98B1-970DFD840EDC}.Release|x64.Build.0 = Release|Any CPU
		{2EECD3BB-1D2C-4477-98B1-970DFD840EDC}.Release|x86.ActiveCfg = Release|Any CPU
		{2EECD3BB-1D2C-4477-98B1-970DFD840EDC}.Release|x86.Build.0 = Release|Any CPU
		{B09EB89B-261B-4568-B3B1-B44A9CC81A2C}.Debug|Any CPU.ActiveCfg = Debug|Any CPU
		{B09EB89B-261B-4568-B3B1-B44A9CC81A2C}.Debug|Any CPU.Build.0 = Debug|Any CPU
		{B09EB89B-261B-4568-B3B1-B44A9CC81A2C}.Debug|x64.ActiveCfg = Debug|Any CPU
		{B09EB89B-261B-4568-B3B1-B44A9CC81A2C}.Debug|x64.Build.0 = Debug|Any CPU
		{B09EB89B-261B-4568-B3B1-B44A9CC81A2C}.Debug|x86.ActiveCfg = Debug|Any CPU
		{B09EB89B-261B-4568-B3B1-B44A9CC81A2C}.Debug|x86.Build.0 = Debug|Any CPU
		{B09EB89B-261B-4568-B3B1-B44A9CC81A2C}.Release|Any CPU.ActiveCfg = Release|Any CPU
		{B09EB89B-261B-4568-B3B1-B44A9CC81A2C}.Release|Any CPU.Build.0 = Release|Any CPU
		{B09EB89B-261B-4568-B3B1-B44A9CC81A2C}.Release|x64.ActiveCfg = Release|Any CPU
		{B09EB89B-261B-4568-B3B1-B44A9CC81A2C}.Release|x64.Build.0 = Release|Any CPU
		{B09EB89B-261B-4568-B3B1-B44A9CC81A2C}.Release|x86.ActiveCfg = Release|Any CPU
		{B09EB89B-261B-4568-B3B1-B44A9CC81A2C}.Release|x86.Build.0 = Release|Any CPU
		{D49FFE1A-8C0E-4044-BDE9-13D22D39929C}.Debug|Any CPU.ActiveCfg = Debug|Any CPU
		{D49FFE1A-8C0E-4044-BDE9-13D22D39929C}.Debug|Any CPU.Build.0 = Debug|Any CPU
		{D49FFE1A-8C0E-4044-BDE9-13D22D39929C}.Debug|x64.ActiveCfg = Debug|Any CPU
		{D49FFE1A-8C0E-4044-BDE9-13D22D39929C}.Debug|x64.Build.0 = Debug|Any CPU
		{D49FFE1A-8C0E-4044-BDE9-13D22D39929C}.Debug|x86.ActiveCfg = Debug|Any CPU
		{D49FFE1A-8C0E-4044-BDE9-13D22D39929C}.Debug|x86.Build.0 = Debug|Any CPU
		{D49FFE1A-8C0E-4044-BDE9-13D22D39929C}.Release|Any CPU.ActiveCfg = Release|Any CPU
		{D49FFE1A-8C0E-4044-BDE9-13D22D39929C}.Release|Any CPU.Build.0 = Release|Any CPU
		{D49FFE1A-8C0E-4044-BDE9-13D22D39929C}.Release|x64.ActiveCfg = Release|Any CPU
		{D49FFE1A-8C0E-4044-BDE9-13D22D39929C}.Release|x64.Build.0 = Release|Any CPU
		{D49FFE1A-8C0E-4044-BDE9-13D22D39929C}.Release|x86.ActiveCfg = Release|Any CPU
		{D49FFE1A-8C0E-4044-BDE9-13D22D39929C}.Release|x86.Build.0 = Release|Any CPU
		{5633D2C4-0614-4574-AA65-985E5FF8285D}.Debug|Any CPU.ActiveCfg = Debug|Any CPU
		{5633D2C4-0614-4574-AA65-985E5FF8285D}.Debug|Any CPU.Build.0 = Debug|Any CPU
		{5633D2C4-0614-4574-AA65-985E5FF8285D}.Debug|x64.ActiveCfg = Debug|Any CPU
		{5633D2C4-0614-4574-AA65-985E5FF8285D}.Debug|x64.Build.0 = Debug|Any CPU
		{5633D2C4-0614-4574-AA65-985E5FF8285D}.Debug|x86.ActiveCfg = Debug|Any CPU
		{5633D2C4-0614-4574-AA65-985E5FF8285D}.Debug|x86.Build.0 = Debug|Any CPU
		{5633D2C4-0614-4574-AA65-985E5FF8285D}.Release|Any CPU.ActiveCfg = Release|Any CPU
		{5633D2C4-0614-4574-AA65-985E5FF8285D}.Release|Any CPU.Build.0 = Release|Any CPU
		{5633D2C4-0614-4574-AA65-985E5FF8285D}.Release|x64.ActiveCfg = Release|Any CPU
		{5633D2C4-0614-4574-AA65-985E5FF8285D}.Release|x64.Build.0 = Release|Any CPU
		{5633D2C4-0614-4574-AA65-985E5FF8285D}.Release|x86.ActiveCfg = Release|Any CPU
		{5633D2C4-0614-4574-AA65-985E5FF8285D}.Release|x86.Build.0 = Release|Any CPU
		{6F98C76E-8A0C-4525-9879-CADCEA96300C}.Debug|Any CPU.ActiveCfg = Debug|Any CPU
		{6F98C76E-8A0C-4525-9879-CADCEA96300C}.Debug|Any CPU.Build.0 = Debug|Any CPU
		{6F98C76E-8A0C-4525-9879-CADCEA96300C}.Debug|x64.ActiveCfg = Debug|Any CPU
		{6F98C76E-8A0C-4525-9879-CADCEA96300C}.Debug|x64.Build.0 = Debug|Any CPU
		{6F98C76E-8A0C-4525-9879-CADCEA96300C}.Debug|x86.ActiveCfg = Debug|Any CPU
		{6F98C76E-8A0C-4525-9879-CADCEA96300C}.Debug|x86.Build.0 = Debug|Any CPU
		{6F98C76E-8A0C-4525-9879-CADCEA96300C}.Release|Any CPU.ActiveCfg = Release|Any CPU
		{6F98C76E-8A0C-4525-9879-CADCEA96300C}.Release|Any CPU.Build.0 = Release|Any CPU
		{6F98C76E-8A0C-4525-9879-CADCEA96300C}.Release|x64.ActiveCfg = Release|Any CPU
		{6F98C76E-8A0C-4525-9879-CADCEA96300C}.Release|x64.Build.0 = Release|Any CPU
		{6F98C76E-8A0C-4525-9879-CADCEA96300C}.Release|x86.ActiveCfg = Release|Any CPU
		{6F98C76E-8A0C-4525-9879-CADCEA96300C}.Release|x86.Build.0 = Release|Any CPU
		{F5B1475F-94D8-4AD2-9C21-EB5DBCFDA414}.Debug|Any CPU.ActiveCfg = Debug|Any CPU
		{F5B1475F-94D8-4AD2-9C21-EB5DBCFDA414}.Debug|Any CPU.Build.0 = Debug|Any CPU
		{F5B1475F-94D8-4AD2-9C21-EB5DBCFDA414}.Debug|x64.ActiveCfg = Debug|Any CPU
		{F5B1475F-94D8-4AD2-9C21-EB5DBCFDA414}.Debug|x64.Build.0 = Debug|Any CPU
		{F5B1475F-94D8-4AD2-9C21-EB5DBCFDA414}.Debug|x86.ActiveCfg = Debug|Any CPU
		{F5B1475F-94D8-4AD2-9C21-EB5DBCFDA414}.Debug|x86.Build.0 = Debug|Any CPU
		{F5B1475F-94D8-4AD2-9C21-EB5DBCFDA414}.Release|Any CPU.ActiveCfg = Release|Any CPU
		{F5B1475F-94D8-4AD2-9C21-EB5DBCFDA414}.Release|Any CPU.Build.0 = Release|Any CPU
		{F5B1475F-94D8-4AD2-9C21-EB5DBCFDA414}.Release|x64.ActiveCfg = Release|Any CPU
		{F5B1475F-94D8-4AD2-9C21-EB5DBCFDA414}.Release|x64.Build.0 = Release|Any CPU
		{F5B1475F-94D8-4AD2-9C21-EB5DBCFDA414}.Release|x86.ActiveCfg = Release|Any CPU
		{F5B1475F-94D8-4AD2-9C21-EB5DBCFDA414}.Release|x86.Build.0 = Release|Any CPU
		{7F0DC766-2D5E-4A61-AB18-6E92527F5589}.Debug|Any CPU.ActiveCfg = Debug|Any CPU
		{7F0DC766-2D5E-4A61-AB18-6E92527F5589}.Debug|Any CPU.Build.0 = Debug|Any CPU
		{7F0DC766-2D5E-4A61-AB18-6E92527F5589}.Debug|x64.ActiveCfg = Debug|Any CPU
		{7F0DC766-2D5E-4A61-AB18-6E92527F5589}.Debug|x64.Build.0 = Debug|Any CPU
		{7F0DC766-2D5E-4A61-AB18-6E92527F5589}.Debug|x86.ActiveCfg = Debug|Any CPU
		{7F0DC766-2D5E-4A61-AB18-6E92527F5589}.Debug|x86.Build.0 = Debug|Any CPU
		{7F0DC766-2D5E-4A61-AB18-6E92527F5589}.Release|Any CPU.ActiveCfg = Release|Any CPU
		{7F0DC766-2D5E-4A61-AB18-6E92527F5589}.Release|Any CPU.Build.0 = Release|Any CPU
		{7F0DC766-2D5E-4A61-AB18-6E92527F5589}.Release|x64.ActiveCfg = Release|Any CPU
		{7F0DC766-2D5E-4A61-AB18-6E92527F5589}.Release|x64.Build.0 = Release|Any CPU
		{7F0DC766-2D5E-4A61-AB18-6E92527F5589}.Release|x86.ActiveCfg = Release|Any CPU
		{7F0DC766-2D5E-4A61-AB18-6E92527F5589}.Release|x86.Build.0 = Release|Any CPU
		{57D32918-480B-4473-A038-04EC82B4BA42}.Debug|Any CPU.ActiveCfg = Debug|Any CPU
		{57D32918-480B-4473-A038-04EC82B4BA42}.Debug|Any CPU.Build.0 = Debug|Any CPU
		{57D32918-480B-4473-A038-04EC82B4BA42}.Debug|x64.ActiveCfg = Debug|Any CPU
		{57D32918-480B-4473-A038-04EC82B4BA42}.Debug|x64.Build.0 = Debug|Any CPU
		{57D32918-480B-4473-A038-04EC82B4BA42}.Debug|x86.ActiveCfg = Debug|Any CPU
		{57D32918-480B-4473-A038-04EC82B4BA42}.Debug|x86.Build.0 = Debug|Any CPU
		{57D32918-480B-4473-A038-04EC82B4BA42}.Release|Any CPU.ActiveCfg = Release|Any CPU
		{57D32918-480B-4473-A038-04EC82B4BA42}.Release|Any CPU.Build.0 = Release|Any CPU
		{57D32918-480B-4473-A038-04EC82B4BA42}.Release|x64.ActiveCfg = Release|Any CPU
		{57D32918-480B-4473-A038-04EC82B4BA42}.Release|x64.Build.0 = Release|Any CPU
		{57D32918-480B-4473-A038-04EC82B4BA42}.Release|x86.ActiveCfg = Release|Any CPU
		{57D32918-480B-4473-A038-04EC82B4BA42}.Release|x86.Build.0 = Release|Any CPU
		{06EC5DBB-553C-4082-B4C7-4CD9BA185660}.Debug|Any CPU.ActiveCfg = Debug|Any CPU
		{06EC5DBB-553C-4082-B4C7-4CD9BA185660}.Debug|Any CPU.Build.0 = Debug|Any CPU
		{06EC5DBB-553C-4082-B4C7-4CD9BA185660}.Debug|x64.ActiveCfg = Debug|Any CPU
		{06EC5DBB-553C-4082-B4C7-4CD9BA185660}.Debug|x64.Build.0 = Debug|Any CPU
		{06EC5DBB-553C-4082-B4C7-4CD9BA185660}.Debug|x86.ActiveCfg = Debug|Any CPU
		{06EC5DBB-553C-4082-B4C7-4CD9BA185660}.Debug|x86.Build.0 = Debug|Any CPU
		{06EC5DBB-553C-4082-B4C7-4CD9BA185660}.Release|Any CPU.ActiveCfg = Release|Any CPU
		{06EC5DBB-553C-4082-B4C7-4CD9BA185660}.Release|Any CPU.Build.0 = Release|Any CPU
		{06EC5DBB-553C-4082-B4C7-4CD9BA185660}.Release|x64.ActiveCfg = Release|Any CPU
		{06EC5DBB-553C-4082-B4C7-4CD9BA185660}.Release|x64.Build.0 = Release|Any CPU
		{06EC5DBB-553C-4082-B4C7-4CD9BA185660}.Release|x86.ActiveCfg = Release|Any CPU
		{06EC5DBB-553C-4082-B4C7-4CD9BA185660}.Release|x86.Build.0 = Release|Any CPU
		{FA901220-960C-4B4E-BE6F-60422A4779CC}.Debug|Any CPU.ActiveCfg = Debug|Any CPU
		{FA901220-960C-4B4E-BE6F-60422A4779CC}.Debug|Any CPU.Build.0 = Debug|Any CPU
		{FA901220-960C-4B4E-BE6F-60422A4779CC}.Debug|x64.ActiveCfg = Debug|Any CPU
		{FA901220-960C-4B4E-BE6F-60422A4779CC}.Debug|x64.Build.0 = Debug|Any CPU
		{FA901220-960C-4B4E-BE6F-60422A4779CC}.Debug|x86.ActiveCfg = Debug|Any CPU
		{FA901220-960C-4B4E-BE6F-60422A4779CC}.Debug|x86.Build.0 = Debug|Any CPU
		{FA901220-960C-4B4E-BE6F-60422A4779CC}.Release|Any CPU.ActiveCfg = Release|Any CPU
		{FA901220-960C-4B4E-BE6F-60422A4779CC}.Release|Any CPU.Build.0 = Release|Any CPU
		{FA901220-960C-4B4E-BE6F-60422A4779CC}.Release|x64.ActiveCfg = Release|Any CPU
		{FA901220-960C-4B4E-BE6F-60422A4779CC}.Release|x64.Build.0 = Release|Any CPU
		{FA901220-960C-4B4E-BE6F-60422A4779CC}.Release|x86.ActiveCfg = Release|Any CPU
		{FA901220-960C-4B4E-BE6F-60422A4779CC}.Release|x86.Build.0 = Release|Any CPU
		{A048615B-8EC9-498D-B3DB-AA0B40A6FA1F}.Debug|Any CPU.ActiveCfg = Debug|Any CPU
		{A048615B-8EC9-498D-B3DB-AA0B40A6FA1F}.Debug|Any CPU.Build.0 = Debug|Any CPU
		{A048615B-8EC9-498D-B3DB-AA0B40A6FA1F}.Debug|x64.ActiveCfg = Debug|Any CPU
		{A048615B-8EC9-498D-B3DB-AA0B40A6FA1F}.Debug|x64.Build.0 = Debug|Any CPU
		{A048615B-8EC9-498D-B3DB-AA0B40A6FA1F}.Debug|x86.ActiveCfg = Debug|Any CPU
		{A048615B-8EC9-498D-B3DB-AA0B40A6FA1F}.Debug|x86.Build.0 = Debug|Any CPU
		{A048615B-8EC9-498D-B3DB-AA0B40A6FA1F}.Release|Any CPU.ActiveCfg = Release|Any CPU
		{A048615B-8EC9-498D-B3DB-AA0B40A6FA1F}.Release|Any CPU.Build.0 = Release|Any CPU
		{A048615B-8EC9-498D-B3DB-AA0B40A6FA1F}.Release|x64.ActiveCfg = Release|Any CPU
		{A048615B-8EC9-498D-B3DB-AA0B40A6FA1F}.Release|x64.Build.0 = Release|Any CPU
		{A048615B-8EC9-498D-B3DB-AA0B40A6FA1F}.Release|x86.ActiveCfg = Release|Any CPU
		{A048615B-8EC9-498D-B3DB-AA0B40A6FA1F}.Release|x86.Build.0 = Release|Any CPU
		{4A42F0A0-AA95-4EA0-9A8D-D06B3A5051AD}.Debug|Any CPU.ActiveCfg = Debug|Any CPU
		{4A42F0A0-AA95-4EA0-9A8D-D06B3A5051AD}.Debug|Any CPU.Build.0 = Debug|Any CPU
		{4A42F0A0-AA95-4EA0-9A8D-D06B3A5051AD}.Debug|x64.ActiveCfg = Debug|Any CPU
		{4A42F0A0-AA95-4EA0-9A8D-D06B3A5051AD}.Debug|x64.Build.0 = Debug|Any CPU
		{4A42F0A0-AA95-4EA0-9A8D-D06B3A5051AD}.Debug|x86.ActiveCfg = Debug|Any CPU
		{4A42F0A0-AA95-4EA0-9A8D-D06B3A5051AD}.Debug|x86.Build.0 = Debug|Any CPU
		{4A42F0A0-AA95-4EA0-9A8D-D06B3A5051AD}.Release|Any CPU.ActiveCfg = Release|Any CPU
		{4A42F0A0-AA95-4EA0-9A8D-D06B3A5051AD}.Release|Any CPU.Build.0 = Release|Any CPU
		{4A42F0A0-AA95-4EA0-9A8D-D06B3A5051AD}.Release|x64.ActiveCfg = Release|Any CPU
		{4A42F0A0-AA95-4EA0-9A8D-D06B3A5051AD}.Release|x64.Build.0 = Release|Any CPU
		{4A42F0A0-AA95-4EA0-9A8D-D06B3A5051AD}.Release|x86.ActiveCfg = Release|Any CPU
		{4A42F0A0-AA95-4EA0-9A8D-D06B3A5051AD}.Release|x86.Build.0 = Release|Any CPU
		{57371A70-E8DB-4E78-8470-8B0F75FB73E6}.Debug|Any CPU.ActiveCfg = Debug|Any CPU
		{57371A70-E8DB-4E78-8470-8B0F75FB73E6}.Debug|Any CPU.Build.0 = Debug|Any CPU
		{57371A70-E8DB-4E78-8470-8B0F75FB73E6}.Debug|x64.ActiveCfg = Debug|Any CPU
		{57371A70-E8DB-4E78-8470-8B0F75FB73E6}.Debug|x64.Build.0 = Debug|Any CPU
		{57371A70-E8DB-4E78-8470-8B0F75FB73E6}.Debug|x86.ActiveCfg = Debug|Any CPU
		{57371A70-E8DB-4E78-8470-8B0F75FB73E6}.Debug|x86.Build.0 = Debug|Any CPU
		{57371A70-E8DB-4E78-8470-8B0F75FB73E6}.Release|Any CPU.ActiveCfg = Release|Any CPU
		{57371A70-E8DB-4E78-8470-8B0F75FB73E6}.Release|Any CPU.Build.0 = Release|Any CPU
		{57371A70-E8DB-4E78-8470-8B0F75FB73E6}.Release|x64.ActiveCfg = Release|Any CPU
		{57371A70-E8DB-4E78-8470-8B0F75FB73E6}.Release|x64.Build.0 = Release|Any CPU
		{57371A70-E8DB-4E78-8470-8B0F75FB73E6}.Release|x86.ActiveCfg = Release|Any CPU
		{57371A70-E8DB-4E78-8470-8B0F75FB73E6}.Release|x86.Build.0 = Release|Any CPU
	EndGlobalSection
	GlobalSection(SolutionProperties) = preSolution
		HideSolutionNode = FALSE
	EndGlobalSection
	GlobalSection(NestedProjects) = preSolution
		{795601C8-A02E-4490-B870-49BB04D3901B} = {827E0CD3-B72D-47B6-A68D-7590B98EB39B}
		{A8645663-8D3B-4873-96CA-09C6A6DC9F62} = {827E0CD3-B72D-47B6-A68D-7590B98EB39B}
		{1377B518-6284-4CCA-8C9A-0A8A504DC8FB} = {827E0CD3-B72D-47B6-A68D-7590B98EB39B}
		{D2671FBF-0252-4F0B-A58D-052CB4040690} = {827E0CD3-B72D-47B6-A68D-7590B98EB39B}
		{15438033-2B80-4BDE-8288-3E390410191C} = {0AB3BF05-4346-4AA6-1389-037BE0695223}
		{B7C5E4D2-8A11-4F32-9C4E-3F2A5B8D9E10} = {827E0CD3-B72D-47B6-A68D-7590B98EB39B}
		{C9A3D7F2-1B5E-4A9C-8E3B-7D2F6A9B5C84} = {827E0CD3-B72D-47B6-A68D-7590B98EB39B}
		{D986FA2F-1BDC-421E-9A17-80DBD5CC978A} = {827E0CD3-B72D-47B6-A68D-7590B98EB39B}
		{F9238E29-CFF9-4905-94FC-FF756AD6F062} = {827E0CD3-B72D-47B6-A68D-7590B98EB39B}
		{D6B460A0-A5A3-4E71-AB03-3ABAFC3D401C} = {827E0CD3-B72D-47B6-A68D-7590B98EB39B}
		{1BDEB9F3-F675-4A22-8AE4-604CCD79A23B} = {827E0CD3-B72D-47B6-A68D-7590B98EB39B}
		{92F518D0-6699-4F21-80D9-572C85317E23} = {827E0CD3-B72D-47B6-A68D-7590B98EB39B}
		{2EECD3BB-1D2C-4477-98B1-970DFD840EDC} = {827E0CD3-B72D-47B6-A68D-7590B98EB39B}
		{B09EB89B-261B-4568-B3B1-B44A9CC81A2C} = {827E0CD3-B72D-47B6-A68D-7590B98EB39B}
		{D49FFE1A-8C0E-4044-BDE9-13D22D39929C} = {827E0CD3-B72D-47B6-A68D-7590B98EB39B}
		{5633D2C4-0614-4574-AA65-985E5FF8285D} = {827E0CD3-B72D-47B6-A68D-7590B98EB39B}
		{6F98C76E-8A0C-4525-9879-CADCEA96300C} = {827E0CD3-B72D-47B6-A68D-7590B98EB39B}
		{CB000002-2B5E-4A9C-8E3B-7D2F6A9B5C91} = {CB000001-2B5E-4A9C-8E3B-7D2F6A9B5C90}
		{CB000003-2B5E-4A9C-8E3B-7D2F6A9B5C92} = {CB000002-2B5E-4A9C-8E3B-7D2F6A9B5C91}
		{CB000004-2B5E-4A9C-8E3B-7D2F6A9B5C93} = {CB000002-2B5E-4A9C-8E3B-7D2F6A9B5C91}
		{CB000005-2B5E-4A9C-8E3B-7D2F6A9B5C94} = {CB000002-2B5E-4A9C-8E3B-7D2F6A9B5C91}
		{CB000006-2B5E-4A9C-8E3B-7D2F6A9B5C95} = {CB000002-2B5E-4A9C-8E3B-7D2F6A9B5C91}
		{CB000007-2B5E-4A9C-8E3B-7D2F6A9B5C96} = {CB000002-2B5E-4A9C-8E3B-7D2F6A9B5C91}
		{CB000008-2B5E-4A9C-8E3B-7D2F6A9B5C97} = {CB000002-2B5E-4A9C-8E3B-7D2F6A9B5C91}
		{CB000009-2B5E-4A9C-8E3B-7D2F6A9B5C98} = {CB000002-2B5E-4A9C-8E3B-7D2F6A9B5C91}
		{CB00000A-2B5E-4A9C-8E3B-7D2F6A9B5C99} = {CB000002-2B5E-4A9C-8E3B-7D2F6A9B5C91}
		{F5B1475F-94D8-4AD2-9C21-EB5DBCFDA414} = {827E0CD3-B72D-47B6-A68D-7590B98EB39B}
		{7F0DC766-2D5E-4A61-AB18-6E92527F5589} = {827E0CD3-B72D-47B6-A68D-7590B98EB39B}
		{57D32918-480B-4473-A038-04EC82B4BA42} = {827E0CD3-B72D-47B6-A68D-7590B98EB39B}
		{06EC5DBB-553C-4082-B4C7-4CD9BA185660} = {827E0CD3-B72D-47B6-A68D-7590B98EB39B}
		{FA901220-960C-4B4E-BE6F-60422A4779CC} = {827E0CD3-B72D-47B6-A68D-7590B98EB39B}
	EndGlobalSection
EndGlobal
